// !$*UTF8*$!
{
	archiveVersion = 1;
	classes = {
	};
	objectVersion = 51;
	objects = {

/* Begin PBXBuildFile section */
		4BFC83E825CBAB0D008FC6DF /* CoreDataManager.swift in Sources */ = {isa = PBXBuildFile; fileRef = 95C1F341255BAFF400B9123C /* CoreDataManager.swift */; };
		4BFC83FC25CBAE5A008FC6DF /* MMM.xcdatamodeld in Sources */ = {isa = PBXBuildFile; fileRef = 953B08C32556D1AB008F9D3E /* MMM.xcdatamodeld */; };
		4BFD4B5625C7C5AA00ED55F7 /* WidgetKit.framework in Frameworks */ = {isa = PBXBuildFile; fileRef = 4BFD4B5525C7C5AA00ED55F7 /* WidgetKit.framework */; };
		4BFD4B5825C7C5AA00ED55F7 /* SwiftUI.framework in Frameworks */ = {isa = PBXBuildFile; fileRef = 4BFD4B5725C7C5AA00ED55F7 /* SwiftUI.framework */; };
		4BFD4B5B25C7C5AA00ED55F7 /* OnceADayWidget.swift in Sources */ = {isa = PBXBuildFile; fileRef = 4BFD4B5A25C7C5AA00ED55F7 /* OnceADayWidget.swift */; };
		4BFD4B5D25C7C5AB00ED55F7 /* Assets.xcassets in Resources */ = {isa = PBXBuildFile; fileRef = 4BFD4B5C25C7C5AB00ED55F7 /* Assets.xcassets */; };
		4BFD4B6125C7C5AC00ED55F7 /* OnceADayWidgetExtension.appex in Embed App Extensions */ = {isa = PBXBuildFile; fileRef = 4BFD4B5425C7C5AA00ED55F7 /* OnceADayWidgetExtension.appex */; settings = {ATTRIBUTES = (RemoveHeadersOnCopy, ); }; };
		4BFD4B7325C7C6BA00ED55F7 /* ManagedCounter+CoreDataProperties.swift in Sources */ = {isa = PBXBuildFile; fileRef = 95660B8725B8F646001DAF3F /* ManagedCounter+CoreDataProperties.swift */; };
		4BFD4B7425C7C6BA00ED55F7 /* ManagedCounter+CoreDataClass.swift in Sources */ = {isa = PBXBuildFile; fileRef = 95660B8825B8F647001DAF3F /* ManagedCounter+CoreDataClass.swift */; };
		4BFD4B7725C7C6D800ED55F7 /* NewYorkExtraLarge-MediumItalic.otf in Resources */ = {isa = PBXBuildFile; fileRef = 9504FC5925B2E4EE004D2C79 /* NewYorkExtraLarge-MediumItalic.otf */; };
		4BFD4B7825C7C6D800ED55F7 /* NewYorkLarge-Semibold.otf in Resources */ = {isa = PBXBuildFile; fileRef = 9504FC5325B2E4E6004D2C79 /* NewYorkLarge-Semibold.otf */; };
		4BFD4B7925C7C6D800ED55F7 /* NewYorkMedium-Regular.otf in Resources */ = {isa = PBXBuildFile; fileRef = 9504FC4E25B2E4DF004D2C79 /* NewYorkMedium-Regular.otf */; };
		4BFD4B7A25C7C6D800ED55F7 /* NewYorkSmall-RegularItalic.otf in Resources */ = {isa = PBXBuildFile; fileRef = 9504FC7025B2E521004D2C79 /* NewYorkSmall-RegularItalic.otf */; };
		4BFD4B7B25C7C6D800ED55F7 /* NewYorkLarge-MediumItalic.otf in Resources */ = {isa = PBXBuildFile; fileRef = 9504FC5525B2E4E8004D2C79 /* NewYorkLarge-MediumItalic.otf */; };
		4BFD4B7C25C7C6D800ED55F7 /* NewYorkSmall-Black.otf in Resources */ = {isa = PBXBuildFile; fileRef = 9504FC6B25B2E51A004D2C79 /* NewYorkSmall-Black.otf */; };
		4BFD4B7D25C7C6D800ED55F7 /* NewYorkMedium-Black.otf in Resources */ = {isa = PBXBuildFile; fileRef = 9504FC4C25B2E4DC004D2C79 /* NewYorkMedium-Black.otf */; };
		4BFD4B7E25C7C6D800ED55F7 /* NewYorkExtraLarge-Black.otf in Resources */ = {isa = PBXBuildFile; fileRef = 9504FC5625B2E4EA004D2C79 /* NewYorkExtraLarge-Black.otf */; };
		4BFD4B7F25C7C6D800ED55F7 /* NewYorkMedium-HeavyItalic.otf in Resources */ = {isa = PBXBuildFile; fileRef = 9504FC4925B2E4D8004D2C79 /* NewYorkMedium-HeavyItalic.otf */; };
		4BFD4B8025C7C6D800ED55F7 /* NewYorkLarge-BoldItalic.otf in Resources */ = {isa = PBXBuildFile; fileRef = 9504FC5C25B2E4F2004D2C79 /* NewYorkLarge-BoldItalic.otf */; };
		4BFD4B8125C7C6D800ED55F7 /* NewYorkExtraLarge-Regular.otf in Resources */ = {isa = PBXBuildFile; fileRef = 9504FC6125B2E500004D2C79 /* NewYorkExtraLarge-Regular.otf */; };
		4BFD4B8225C7C6D800ED55F7 /* NewYorkExtraLarge-Heavy.otf in Resources */ = {isa = PBXBuildFile; fileRef = 9504FC6625B2E512004D2C79 /* NewYorkExtraLarge-Heavy.otf */; };
		4BFD4B8325C7C6D800ED55F7 /* NewYorkLarge-HeavyItalic.otf in Resources */ = {isa = PBXBuildFile; fileRef = 9504FC7825B2E52E004D2C79 /* NewYorkLarge-HeavyItalic.otf */; };
		4BFD4B8425C7C6D800ED55F7 /* NewYorkSmall-Bold.otf in Resources */ = {isa = PBXBuildFile; fileRef = 9504FC4F25B2E4E0004D2C79 /* NewYorkSmall-Bold.otf */; };
		4BFD4B8525C7C6D800ED55F7 /* NewYorkSmall-Heavy.otf in Resources */ = {isa = PBXBuildFile; fileRef = 9504FC7725B2E52C004D2C79 /* NewYorkSmall-Heavy.otf */; };
		4BFD4B8625C7C6D800ED55F7 /* NewYorkSmall-BlackItalic.otf in Resources */ = {isa = PBXBuildFile; fileRef = 9504FC7925B2E52F004D2C79 /* NewYorkSmall-BlackItalic.otf */; };
		4BFD4B8725C7C6D800ED55F7 /* NewYorkExtraLarge-BoldItalic.otf in Resources */ = {isa = PBXBuildFile; fileRef = 9504FC6E25B2E51E004D2C79 /* NewYorkExtraLarge-BoldItalic.otf */; };
		4BFD4B8825C7C6D800ED55F7 /* NewYorkMedium-SemiboldItalic.otf in Resources */ = {isa = PBXBuildFile; fileRef = 9504FC7A25B2E531004D2C79 /* NewYorkMedium-SemiboldItalic.otf */; };
		4BFD4B8925C7C6D800ED55F7 /* NewYorkExtraLarge-Semibold.otf in Resources */ = {isa = PBXBuildFile; fileRef = 9504FC5E25B2E4FC004D2C79 /* NewYorkExtraLarge-Semibold.otf */; };
		4BFD4B8A25C7C6D800ED55F7 /* NewYorkMedium-Bold.otf in Resources */ = {isa = PBXBuildFile; fileRef = 9504FC5225B2E4E4004D2C79 /* NewYorkMedium-Bold.otf */; };
		4BFD4B8B25C7C6D800ED55F7 /* NewYorkMedium-Semibold.otf in Resources */ = {isa = PBXBuildFile; fileRef = 9504FC5125B2E4E3004D2C79 /* NewYorkMedium-Semibold.otf */; };
		4BFD4B8C25C7C6D800ED55F7 /* NewYorkSmall-BoldItalic.otf in Resources */ = {isa = PBXBuildFile; fileRef = 9504FC7125B2E523004D2C79 /* NewYorkSmall-BoldItalic.otf */; };
		4BFD4B8D25C7C6D800ED55F7 /* NewYorkLarge-Black.otf in Resources */ = {isa = PBXBuildFile; fileRef = 9504FC4B25B2E4DA004D2C79 /* NewYorkLarge-Black.otf */; };
		4BFD4B8E25C7C6D800ED55F7 /* NewYorkLarge-RegularItalic.otf in Resources */ = {isa = PBXBuildFile; fileRef = 9504FC5F25B2E4FD004D2C79 /* NewYorkLarge-RegularItalic.otf */; };
		4BFD4B8F25C7C6D800ED55F7 /* NewYorkLarge-Medium.otf in Resources */ = {isa = PBXBuildFile; fileRef = 9504FC5725B2E4EB004D2C79 /* NewYorkLarge-Medium.otf */; };
		4BFD4B9025C7C6D800ED55F7 /* NewYorkMedium-Heavy.otf in Resources */ = {isa = PBXBuildFile; fileRef = 9504FC5425B2E4E7004D2C79 /* NewYorkMedium-Heavy.otf */; };
		4BFD4B9125C7C6D800ED55F7 /* NewYorkLarge-BlackItalic.otf in Resources */ = {isa = PBXBuildFile; fileRef = 9504FC6C25B2E51C004D2C79 /* NewYorkLarge-BlackItalic.otf */; };
		4BFD4B9225C7C6D800ED55F7 /* NewYorkSmall-Regular.otf in Resources */ = {isa = PBXBuildFile; fileRef = 9504FC7625B2E52A004D2C79 /* NewYorkSmall-Regular.otf */; };
		4BFD4B9325C7C6D800ED55F7 /* NewYorkExtraLarge-BlackItalic.otf in Resources */ = {isa = PBXBuildFile; fileRef = 9504FC7325B2E526004D2C79 /* NewYorkExtraLarge-BlackItalic.otf */; };
		4BFD4B9425C7C6D800ED55F7 /* NewYorkExtraLarge-RegularItalic.otf in Resources */ = {isa = PBXBuildFile; fileRef = 9504FC5825B2E4ED004D2C79 /* NewYorkExtraLarge-RegularItalic.otf */; };
		4BFD4B9525C7C6D800ED55F7 /* NewYorkLarge-Heavy.otf in Resources */ = {isa = PBXBuildFile; fileRef = 9504FC6225B2E502004D2C79 /* NewYorkLarge-Heavy.otf */; };
		4BFD4B9625C7C6D800ED55F7 /* NewYorkItalic.ttf in Resources */ = {isa = PBXBuildFile; fileRef = 9504FC6025B2E4FF004D2C79 /* NewYorkItalic.ttf */; };
		4BFD4B9725C7C6D800ED55F7 /* NewYorkSmall-Medium.otf in Resources */ = {isa = PBXBuildFile; fileRef = 9504FC4D25B2E4DD004D2C79 /* NewYorkSmall-Medium.otf */; };
		4BFD4B9825C7C6D800ED55F7 /* NewYork.ttf in Resources */ = {isa = PBXBuildFile; fileRef = 9504FC7225B2E524004D2C79 /* NewYork.ttf */; };
		4BFD4B9925C7C6D800ED55F7 /* NewYorkLarge-Regular.otf in Resources */ = {isa = PBXBuildFile; fileRef = 9504FC6325B2E503004D2C79 /* NewYorkLarge-Regular.otf */; };
		4BFD4B9A25C7C6D800ED55F7 /* NewYorkExtraLarge-Bold.otf in Resources */ = {isa = PBXBuildFile; fileRef = 9504FC6F25B2E520004D2C79 /* NewYorkExtraLarge-Bold.otf */; };
		4BFD4B9B25C7C6D800ED55F7 /* NewYorkMedium-RegularItalic.otf in Resources */ = {isa = PBXBuildFile; fileRef = 9504FC4A25B2E4D9004D2C79 /* NewYorkMedium-RegularItalic.otf */; };
		4BFD4B9C25C7C6D800ED55F7 /* NewYorkLarge-Bold.otf in Resources */ = {isa = PBXBuildFile; fileRef = 9504FC6A25B2E519004D2C79 /* NewYorkLarge-Bold.otf */; };
		4BFD4B9D25C7C6D800ED55F7 /* NewYorkExtraLarge-SemiboldItalic.otf in Resources */ = {isa = PBXBuildFile; fileRef = 9504FC7525B2E529004D2C79 /* NewYorkExtraLarge-SemiboldItalic.otf */; };
		4BFD4B9E25C7C6D800ED55F7 /* NewYorkExtraLarge-Medium.otf in Resources */ = {isa = PBXBuildFile; fileRef = 9504FC5025B2E4E1004D2C79 /* NewYorkExtraLarge-Medium.otf */; };
		4BFD4B9F25C7C6D800ED55F7 /* NewYorkSmall-SemiboldItalic.otf in Resources */ = {isa = PBXBuildFile; fileRef = 9504FC5D25B2E4F4004D2C79 /* NewYorkSmall-SemiboldItalic.otf */; };
		4BFD4BA025C7C6D800ED55F7 /* NewYorkLarge-SemiboldItalic.otf in Resources */ = {isa = PBXBuildFile; fileRef = 9504FC6525B2E511004D2C79 /* NewYorkLarge-SemiboldItalic.otf */; };
		4BFD4BA125C7C6D800ED55F7 /* NewYorkMedium-Medium.otf in Resources */ = {isa = PBXBuildFile; fileRef = 9504FC6D25B2E51D004D2C79 /* NewYorkMedium-Medium.otf */; };
		4BFD4BA225C7C6D800ED55F7 /* NewYorkSmall-HeavyItalic.otf in Resources */ = {isa = PBXBuildFile; fileRef = 9504FC6825B2E516004D2C79 /* NewYorkSmall-HeavyItalic.otf */; };
		4BFD4BA325C7C6D800ED55F7 /* NewYorkSmall-Semibold.otf in Resources */ = {isa = PBXBuildFile; fileRef = 9504FC5A25B2E4F0004D2C79 /* NewYorkSmall-Semibold.otf */; };
		4BFD4BA425C7C6D800ED55F7 /* NewYorkSmall-MediumItalic.otf in Resources */ = {isa = PBXBuildFile; fileRef = 9504FC7425B2E527004D2C79 /* NewYorkSmall-MediumItalic.otf */; };
		4BFD4BA525C7C6D800ED55F7 /* NewYorkMedium-BoldItalic.otf in Resources */ = {isa = PBXBuildFile; fileRef = 9504FC6425B2E505004D2C79 /* NewYorkMedium-BoldItalic.otf */; };
		4BFD4BA625C7C6D800ED55F7 /* NewYorkMedium-BlackItalic.otf in Resources */ = {isa = PBXBuildFile; fileRef = 9504FC6925B2E518004D2C79 /* NewYorkMedium-BlackItalic.otf */; };
		4BFD4BA725C7C6D800ED55F7 /* NewYorkExtraLarge-HeavyItalic.otf in Resources */ = {isa = PBXBuildFile; fileRef = 9504FC5B25B2E4F1004D2C79 /* NewYorkExtraLarge-HeavyItalic.otf */; };
		4BFD4BA825C7C6D800ED55F7 /* NewYorkMedium-MediumItalic.otf in Resources */ = {isa = PBXBuildFile; fileRef = 9504FC6725B2E514004D2C79 /* NewYorkMedium-MediumItalic.otf */; };
		4BFD4BAB25C7C6E700ED55F7 /* Constants.swift in Sources */ = {isa = PBXBuildFile; fileRef = 95724AF525B2817800EF6088 /* Constants.swift */; };
		4BFD4BAF25C7DD3D00ED55F7 /* UserCountEntry.swift in Sources */ = {isa = PBXBuildFile; fileRef = 4BFD4BAE25C7DD3D00ED55F7 /* UserCountEntry.swift */; };
		4BFD4BB525C7DE6100ED55F7 /* WidgetEntryView.swift in Sources */ = {isa = PBXBuildFile; fileRef = 4BFD4BB425C7DE6100ED55F7 /* WidgetEntryView.swift */; };
		5FE229A2C89BAA7AC2AC203F /* Pods_MMM.framework in Frameworks */ = {isa = PBXBuildFile; fileRef = 4794C7EFA14B887B6C18CC0B /* Pods_MMM.framework */; };
		9504FC7B25B2E531004D2C79 /* NewYorkMedium-HeavyItalic.otf in Resources */ = {isa = PBXBuildFile; fileRef = 9504FC4925B2E4D8004D2C79 /* NewYorkMedium-HeavyItalic.otf */; };
		9504FC7C25B2E531004D2C79 /* NewYorkMedium-RegularItalic.otf in Resources */ = {isa = PBXBuildFile; fileRef = 9504FC4A25B2E4D9004D2C79 /* NewYorkMedium-RegularItalic.otf */; };
		9504FC7D25B2E531004D2C79 /* NewYorkLarge-Black.otf in Resources */ = {isa = PBXBuildFile; fileRef = 9504FC4B25B2E4DA004D2C79 /* NewYorkLarge-Black.otf */; };
		9504FC7E25B2E531004D2C79 /* NewYorkMedium-Black.otf in Resources */ = {isa = PBXBuildFile; fileRef = 9504FC4C25B2E4DC004D2C79 /* NewYorkMedium-Black.otf */; };
		9504FC7F25B2E531004D2C79 /* NewYorkSmall-Medium.otf in Resources */ = {isa = PBXBuildFile; fileRef = 9504FC4D25B2E4DD004D2C79 /* NewYorkSmall-Medium.otf */; };
		9504FC8025B2E531004D2C79 /* NewYorkMedium-Regular.otf in Resources */ = {isa = PBXBuildFile; fileRef = 9504FC4E25B2E4DF004D2C79 /* NewYorkMedium-Regular.otf */; };
		9504FC8125B2E531004D2C79 /* NewYorkSmall-Bold.otf in Resources */ = {isa = PBXBuildFile; fileRef = 9504FC4F25B2E4E0004D2C79 /* NewYorkSmall-Bold.otf */; };
		9504FC8225B2E531004D2C79 /* NewYorkExtraLarge-Medium.otf in Resources */ = {isa = PBXBuildFile; fileRef = 9504FC5025B2E4E1004D2C79 /* NewYorkExtraLarge-Medium.otf */; };
		9504FC8325B2E531004D2C79 /* NewYorkMedium-Semibold.otf in Resources */ = {isa = PBXBuildFile; fileRef = 9504FC5125B2E4E3004D2C79 /* NewYorkMedium-Semibold.otf */; };
		9504FC8425B2E531004D2C79 /* NewYorkMedium-Bold.otf in Resources */ = {isa = PBXBuildFile; fileRef = 9504FC5225B2E4E4004D2C79 /* NewYorkMedium-Bold.otf */; };
		9504FC8525B2E531004D2C79 /* NewYorkLarge-Semibold.otf in Resources */ = {isa = PBXBuildFile; fileRef = 9504FC5325B2E4E6004D2C79 /* NewYorkLarge-Semibold.otf */; };
		9504FC8625B2E531004D2C79 /* NewYorkMedium-Heavy.otf in Resources */ = {isa = PBXBuildFile; fileRef = 9504FC5425B2E4E7004D2C79 /* NewYorkMedium-Heavy.otf */; };
		9504FC8725B2E531004D2C79 /* NewYorkLarge-MediumItalic.otf in Resources */ = {isa = PBXBuildFile; fileRef = 9504FC5525B2E4E8004D2C79 /* NewYorkLarge-MediumItalic.otf */; };
		9504FC8825B2E531004D2C79 /* NewYorkExtraLarge-Black.otf in Resources */ = {isa = PBXBuildFile; fileRef = 9504FC5625B2E4EA004D2C79 /* NewYorkExtraLarge-Black.otf */; };
		9504FC8925B2E531004D2C79 /* NewYorkLarge-Medium.otf in Resources */ = {isa = PBXBuildFile; fileRef = 9504FC5725B2E4EB004D2C79 /* NewYorkLarge-Medium.otf */; };
		9504FC8A25B2E531004D2C79 /* NewYorkExtraLarge-RegularItalic.otf in Resources */ = {isa = PBXBuildFile; fileRef = 9504FC5825B2E4ED004D2C79 /* NewYorkExtraLarge-RegularItalic.otf */; };
		9504FC8B25B2E531004D2C79 /* NewYorkExtraLarge-MediumItalic.otf in Resources */ = {isa = PBXBuildFile; fileRef = 9504FC5925B2E4EE004D2C79 /* NewYorkExtraLarge-MediumItalic.otf */; };
		9504FC8C25B2E531004D2C79 /* NewYorkSmall-Semibold.otf in Resources */ = {isa = PBXBuildFile; fileRef = 9504FC5A25B2E4F0004D2C79 /* NewYorkSmall-Semibold.otf */; };
		9504FC8D25B2E531004D2C79 /* NewYorkExtraLarge-HeavyItalic.otf in Resources */ = {isa = PBXBuildFile; fileRef = 9504FC5B25B2E4F1004D2C79 /* NewYorkExtraLarge-HeavyItalic.otf */; };
		9504FC8E25B2E531004D2C79 /* NewYorkLarge-BoldItalic.otf in Resources */ = {isa = PBXBuildFile; fileRef = 9504FC5C25B2E4F2004D2C79 /* NewYorkLarge-BoldItalic.otf */; };
		9504FC8F25B2E531004D2C79 /* NewYorkSmall-SemiboldItalic.otf in Resources */ = {isa = PBXBuildFile; fileRef = 9504FC5D25B2E4F4004D2C79 /* NewYorkSmall-SemiboldItalic.otf */; };
		9504FC9025B2E531004D2C79 /* NewYorkExtraLarge-Semibold.otf in Resources */ = {isa = PBXBuildFile; fileRef = 9504FC5E25B2E4FC004D2C79 /* NewYorkExtraLarge-Semibold.otf */; };
		9504FC9125B2E531004D2C79 /* NewYorkLarge-RegularItalic.otf in Resources */ = {isa = PBXBuildFile; fileRef = 9504FC5F25B2E4FD004D2C79 /* NewYorkLarge-RegularItalic.otf */; };
		9504FC9225B2E531004D2C79 /* NewYorkItalic.ttf in Resources */ = {isa = PBXBuildFile; fileRef = 9504FC6025B2E4FF004D2C79 /* NewYorkItalic.ttf */; };
		9504FC9325B2E531004D2C79 /* NewYorkExtraLarge-Regular.otf in Resources */ = {isa = PBXBuildFile; fileRef = 9504FC6125B2E500004D2C79 /* NewYorkExtraLarge-Regular.otf */; };
		9504FC9425B2E531004D2C79 /* NewYorkLarge-Heavy.otf in Resources */ = {isa = PBXBuildFile; fileRef = 9504FC6225B2E502004D2C79 /* NewYorkLarge-Heavy.otf */; };
		9504FC9525B2E531004D2C79 /* NewYorkLarge-Regular.otf in Resources */ = {isa = PBXBuildFile; fileRef = 9504FC6325B2E503004D2C79 /* NewYorkLarge-Regular.otf */; };
		9504FC9625B2E531004D2C79 /* NewYorkMedium-BoldItalic.otf in Resources */ = {isa = PBXBuildFile; fileRef = 9504FC6425B2E505004D2C79 /* NewYorkMedium-BoldItalic.otf */; };
		9504FC9725B2E531004D2C79 /* NewYorkLarge-SemiboldItalic.otf in Resources */ = {isa = PBXBuildFile; fileRef = 9504FC6525B2E511004D2C79 /* NewYorkLarge-SemiboldItalic.otf */; };
		9504FC9825B2E531004D2C79 /* NewYorkExtraLarge-Heavy.otf in Resources */ = {isa = PBXBuildFile; fileRef = 9504FC6625B2E512004D2C79 /* NewYorkExtraLarge-Heavy.otf */; };
		9504FC9925B2E531004D2C79 /* NewYorkMedium-MediumItalic.otf in Resources */ = {isa = PBXBuildFile; fileRef = 9504FC6725B2E514004D2C79 /* NewYorkMedium-MediumItalic.otf */; };
		9504FC9A25B2E531004D2C79 /* NewYorkSmall-HeavyItalic.otf in Resources */ = {isa = PBXBuildFile; fileRef = 9504FC6825B2E516004D2C79 /* NewYorkSmall-HeavyItalic.otf */; };
		9504FC9B25B2E531004D2C79 /* NewYorkMedium-BlackItalic.otf in Resources */ = {isa = PBXBuildFile; fileRef = 9504FC6925B2E518004D2C79 /* NewYorkMedium-BlackItalic.otf */; };
		9504FC9C25B2E531004D2C79 /* NewYorkLarge-Bold.otf in Resources */ = {isa = PBXBuildFile; fileRef = 9504FC6A25B2E519004D2C79 /* NewYorkLarge-Bold.otf */; };
		9504FC9D25B2E531004D2C79 /* NewYorkSmall-Black.otf in Resources */ = {isa = PBXBuildFile; fileRef = 9504FC6B25B2E51A004D2C79 /* NewYorkSmall-Black.otf */; };
		9504FC9E25B2E531004D2C79 /* NewYorkLarge-BlackItalic.otf in Resources */ = {isa = PBXBuildFile; fileRef = 9504FC6C25B2E51C004D2C79 /* NewYorkLarge-BlackItalic.otf */; };
		9504FC9F25B2E531004D2C79 /* NewYorkMedium-Medium.otf in Resources */ = {isa = PBXBuildFile; fileRef = 9504FC6D25B2E51D004D2C79 /* NewYorkMedium-Medium.otf */; };
		9504FCA025B2E531004D2C79 /* NewYorkExtraLarge-BoldItalic.otf in Resources */ = {isa = PBXBuildFile; fileRef = 9504FC6E25B2E51E004D2C79 /* NewYorkExtraLarge-BoldItalic.otf */; };
		9504FCA125B2E531004D2C79 /* NewYorkExtraLarge-Bold.otf in Resources */ = {isa = PBXBuildFile; fileRef = 9504FC6F25B2E520004D2C79 /* NewYorkExtraLarge-Bold.otf */; };
		9504FCA225B2E531004D2C79 /* NewYorkSmall-RegularItalic.otf in Resources */ = {isa = PBXBuildFile; fileRef = 9504FC7025B2E521004D2C79 /* NewYorkSmall-RegularItalic.otf */; };
		9504FCA325B2E531004D2C79 /* NewYorkSmall-BoldItalic.otf in Resources */ = {isa = PBXBuildFile; fileRef = 9504FC7125B2E523004D2C79 /* NewYorkSmall-BoldItalic.otf */; };
		9504FCA425B2E531004D2C79 /* NewYork.ttf in Resources */ = {isa = PBXBuildFile; fileRef = 9504FC7225B2E524004D2C79 /* NewYork.ttf */; };
		9504FCA525B2E531004D2C79 /* NewYorkExtraLarge-BlackItalic.otf in Resources */ = {isa = PBXBuildFile; fileRef = 9504FC7325B2E526004D2C79 /* NewYorkExtraLarge-BlackItalic.otf */; };
		9504FCA625B2E531004D2C79 /* NewYorkSmall-MediumItalic.otf in Resources */ = {isa = PBXBuildFile; fileRef = 9504FC7425B2E527004D2C79 /* NewYorkSmall-MediumItalic.otf */; };
		9504FCA725B2E531004D2C79 /* NewYorkExtraLarge-SemiboldItalic.otf in Resources */ = {isa = PBXBuildFile; fileRef = 9504FC7525B2E529004D2C79 /* NewYorkExtraLarge-SemiboldItalic.otf */; };
		9504FCA825B2E531004D2C79 /* NewYorkSmall-Regular.otf in Resources */ = {isa = PBXBuildFile; fileRef = 9504FC7625B2E52A004D2C79 /* NewYorkSmall-Regular.otf */; };
		9504FCA925B2E531004D2C79 /* NewYorkSmall-Heavy.otf in Resources */ = {isa = PBXBuildFile; fileRef = 9504FC7725B2E52C004D2C79 /* NewYorkSmall-Heavy.otf */; };
		9504FCAA25B2E531004D2C79 /* NewYorkLarge-HeavyItalic.otf in Resources */ = {isa = PBXBuildFile; fileRef = 9504FC7825B2E52E004D2C79 /* NewYorkLarge-HeavyItalic.otf */; };
		9504FCAB25B2E531004D2C79 /* NewYorkSmall-BlackItalic.otf in Resources */ = {isa = PBXBuildFile; fileRef = 9504FC7925B2E52F004D2C79 /* NewYorkSmall-BlackItalic.otf */; };
		9504FCAC25B2E531004D2C79 /* NewYorkMedium-SemiboldItalic.otf in Resources */ = {isa = PBXBuildFile; fileRef = 9504FC7A25B2E531004D2C79 /* NewYorkMedium-SemiboldItalic.otf */; };
		95089B1025A8083200590B65 /* GoogleService-Info.plist in Resources */ = {isa = PBXBuildFile; fileRef = 95089B0F25A8083200590B65 /* GoogleService-Info.plist */; };
		952C2C5525B64C270094AD49 /* ReviewViewController.swift in Sources */ = {isa = PBXBuildFile; fileRef = 952C2C5425B64C270094AD49 /* ReviewViewController.swift */; };
		953B08BB2556D1AB008F9D3E /* AppDelegate.swift in Sources */ = {isa = PBXBuildFile; fileRef = 953B08BA2556D1AB008F9D3E /* AppDelegate.swift */; };
		953B08BD2556D1AB008F9D3E /* SceneDelegate.swift in Sources */ = {isa = PBXBuildFile; fileRef = 953B08BC2556D1AB008F9D3E /* SceneDelegate.swift */; };
		953B08C22556D1AB008F9D3E /* Main.storyboard in Resources */ = {isa = PBXBuildFile; fileRef = 953B08C02556D1AB008F9D3E /* Main.storyboard */; };
		953B08C52556D1AB008F9D3E /* MMM.xcdatamodeld in Sources */ = {isa = PBXBuildFile; fileRef = 953B08C32556D1AB008F9D3E /* MMM.xcdatamodeld */; };
		953B08C72556D1AC008F9D3E /* Assets.xcassets in Resources */ = {isa = PBXBuildFile; fileRef = 953B08C62556D1AC008F9D3E /* Assets.xcassets */; };
		953B08CA2556D1AC008F9D3E /* LaunchScreen.storyboard in Resources */ = {isa = PBXBuildFile; fileRef = 953B08C82556D1AC008F9D3E /* LaunchScreen.storyboard */; };
		95510E8B25BC24CF00DE01DE /* StoreKit.framework in Frameworks */ = {isa = PBXBuildFile; fileRef = 95510E8A25BC24CF00DE01DE /* StoreKit.framework */; };
		95510E9E25BC28B600DE01DE /* TipViewController.swift in Sources */ = {isa = PBXBuildFile; fileRef = 95510E9D25BC28B600DE01DE /* TipViewController.swift */; };
		955247322563579000B059CB /* CounterViewController.swift in Sources */ = {isa = PBXBuildFile; fileRef = 955247312563579000B059CB /* CounterViewController.swift */; };
		9552473A25635B8000B059CB /* roboto in Resources */ = {isa = PBXBuildFile; fileRef = 9552473925635B8000B059CB /* roboto */; };
		95602DBC25725FC300AD648A /* SettingsViewController.swift in Sources */ = {isa = PBXBuildFile; fileRef = 95602DBB25725FC300AD648A /* SettingsViewController.swift */; };
		9561D4CA25BF437F009ECC55 /* UIViewController+Toast.swift in Sources */ = {isa = PBXBuildFile; fileRef = 9561D4C925BF437F009ECC55 /* UIViewController+Toast.swift */; };
		95660B6725B8EF77001DAF3F /* UIViewController+Background.swift in Sources */ = {isa = PBXBuildFile; fileRef = 95660B6625B8EF77001DAF3F /* UIViewController+Background.swift */; };
		95660B8925B8F647001DAF3F /* ManagedCounter+CoreDataProperties.swift in Sources */ = {isa = PBXBuildFile; fileRef = 95660B8725B8F646001DAF3F /* ManagedCounter+CoreDataProperties.swift */; };
		95660B8A25B8F647001DAF3F /* ManagedCounter+CoreDataClass.swift in Sources */ = {isa = PBXBuildFile; fileRef = 95660B8825B8F647001DAF3F /* ManagedCounter+CoreDataClass.swift */; };
		95724A9725B2687400EF6088 /* IntroductionViewController.swift in Sources */ = {isa = PBXBuildFile; fileRef = 95724A9625B2687400EF6088 /* IntroductionViewController.swift */; };
		95724AA925B26C3100EF6088 /* StartViewController.swift in Sources */ = {isa = PBXBuildFile; fileRef = 95724AA825B26C3100EF6088 /* StartViewController.swift */; };
		95724AAC25B26E7B00EF6088 /* NavController+NavBar.swift in Sources */ = {isa = PBXBuildFile; fileRef = 95724AAB25B26E7B00EF6088 /* NavController+NavBar.swift */; };
		95724ABE25B26F6300EF6088 /* yButton.swift in Sources */ = {isa = PBXBuildFile; fileRef = 95724ABD25B26F6300EF6088 /* yButton.swift */; };
		95724AC225B26F8600EF6088 /* UIButton+Animation.swift in Sources */ = {isa = PBXBuildFile; fileRef = 95724AC125B26F8600EF6088 /* UIButton+Animation.swift */; };
		95724AE125B2765900EF6088 /* ReminderViewController.swift in Sources */ = {isa = PBXBuildFile; fileRef = 95724AE025B2765900EF6088 /* ReminderViewController.swift */; };
		95724AF225B27DAF00EF6088 /* yButtonApp.swift in Sources */ = {isa = PBXBuildFile; fileRef = 95724AF125B27DAF00EF6088 /* yButtonApp.swift */; };
		95724AF625B2817800EF6088 /* Constants.swift in Sources */ = {isa = PBXBuildFile; fileRef = 95724AF525B2817800EF6088 /* Constants.swift */; };
		957321E12568543C00F21BEF /* LoadingViewController.swift in Sources */ = {isa = PBXBuildFile; fileRef = 957321E02568543C00F21BEF /* LoadingViewController.swift */; };
		9598581525BE6E2D00E0B890 /* yButtonTip.swift in Sources */ = {isa = PBXBuildFile; fileRef = 9598581425BE6E2D00E0B890 /* yButtonTip.swift */; };
		95C1F342255BAFF400B9123C /* CoreDataManager.swift in Sources */ = {isa = PBXBuildFile; fileRef = 95C1F341255BAFF400B9123C /* CoreDataManager.swift */; };
		95C667D825AFF3B5000FA27B /* DoneViewController.swift in Sources */ = {isa = PBXBuildFile; fileRef = 95C667D725AFF3B5000FA27B /* DoneViewController.swift */; };
/* End PBXBuildFile section */

/* Begin PBXContainerItemProxy section */
		4BFD4B5F25C7C5AC00ED55F7 /* PBXContainerItemProxy */ = {
			isa = PBXContainerItemProxy;
			containerPortal = 953B08AF2556D1AA008F9D3E /* Project object */;
			proxyType = 1;
			remoteGlobalIDString = 4BFD4B5325C7C5AA00ED55F7;
			remoteInfo = OnceADayWIdgetExtension;
		};
/* End PBXContainerItemProxy section */

/* Begin PBXCopyFilesBuildPhase section */
		4BFD4B6225C7C5AC00ED55F7 /* Embed App Extensions */ = {
			isa = PBXCopyFilesBuildPhase;
			buildActionMask = 2147483647;
			dstPath = "";
			dstSubfolderSpec = 13;
			files = (
				4BFD4B6125C7C5AC00ED55F7 /* OnceADayWidgetExtension.appex in Embed App Extensions */,
			);
			name = "Embed App Extensions";
			runOnlyForDeploymentPostprocessing = 0;
		};
/* End PBXCopyFilesBuildPhase section */

/* Begin PBXFileReference section */
		11545567E27B1BF83F8D3BA9 /* Pods-MMM.release.xcconfig */ = {isa = PBXFileReference; includeInIndex = 1; lastKnownFileType = text.xcconfig; name = "Pods-MMM.release.xcconfig"; path = "Target Support Files/Pods-MMM/Pods-MMM.release.xcconfig"; sourceTree = "<group>"; };
		366C4F8CFAD8E27CCB2B0B4F /* Pods-MMM.debug.xcconfig */ = {isa = PBXFileReference; includeInIndex = 1; lastKnownFileType = text.xcconfig; name = "Pods-MMM.debug.xcconfig"; path = "Target Support Files/Pods-MMM/Pods-MMM.debug.xcconfig"; sourceTree = "<group>"; };
		4794C7EFA14B887B6C18CC0B /* Pods_MMM.framework */ = {isa = PBXFileReference; explicitFileType = wrapper.framework; includeInIndex = 0; path = Pods_MMM.framework; sourceTree = BUILT_PRODUCTS_DIR; };
		4BFC83FF25CBB006008FC6DF /* OnceADayWidgetExtension.entitlements */ = {isa = PBXFileReference; lastKnownFileType = text.plist.entitlements; path = OnceADayWidgetExtension.entitlements; sourceTree = "<group>"; };
		4BFC840225CBB025008FC6DF /* Once A Day.entitlements */ = {isa = PBXFileReference; lastKnownFileType = text.plist.entitlements; path = "Once A Day.entitlements"; sourceTree = "<group>"; };
		4BFD4B5425C7C5AA00ED55F7 /* OnceADayWidgetExtension.appex */ = {isa = PBXFileReference; explicitFileType = "wrapper.app-extension"; includeInIndex = 0; path = OnceADayWidgetExtension.appex; sourceTree = BUILT_PRODUCTS_DIR; };
		4BFD4B5525C7C5AA00ED55F7 /* WidgetKit.framework */ = {isa = PBXFileReference; lastKnownFileType = wrapper.framework; name = WidgetKit.framework; path = System/Library/Frameworks/WidgetKit.framework; sourceTree = SDKROOT; };
		4BFD4B5725C7C5AA00ED55F7 /* SwiftUI.framework */ = {isa = PBXFileReference; lastKnownFileType = wrapper.framework; name = SwiftUI.framework; path = System/Library/Frameworks/SwiftUI.framework; sourceTree = SDKROOT; };
		4BFD4B5A25C7C5AA00ED55F7 /* OnceADayWidget.swift */ = {isa = PBXFileReference; lastKnownFileType = sourcecode.swift; path = OnceADayWidget.swift; sourceTree = "<group>"; };
		4BFD4B5C25C7C5AB00ED55F7 /* Assets.xcassets */ = {isa = PBXFileReference; lastKnownFileType = folder.assetcatalog; path = Assets.xcassets; sourceTree = "<group>"; };
		4BFD4B5E25C7C5AC00ED55F7 /* Info.plist */ = {isa = PBXFileReference; lastKnownFileType = text.plist.xml; path = Info.plist; sourceTree = "<group>"; };
		4BFD4BAE25C7DD3D00ED55F7 /* UserCountEntry.swift */ = {isa = PBXFileReference; lastKnownFileType = sourcecode.swift; path = UserCountEntry.swift; sourceTree = "<group>"; };
		4BFD4BB425C7DE6100ED55F7 /* WidgetEntryView.swift */ = {isa = PBXFileReference; lastKnownFileType = sourcecode.swift; path = WidgetEntryView.swift; sourceTree = "<group>"; };
		9504FC4925B2E4D8004D2C79 /* NewYorkMedium-HeavyItalic.otf */ = {isa = PBXFileReference; lastKnownFileType = file; path = "NewYorkMedium-HeavyItalic.otf"; sourceTree = "<group>"; };
		9504FC4A25B2E4D9004D2C79 /* NewYorkMedium-RegularItalic.otf */ = {isa = PBXFileReference; lastKnownFileType = file; path = "NewYorkMedium-RegularItalic.otf"; sourceTree = "<group>"; };
		9504FC4B25B2E4DA004D2C79 /* NewYorkLarge-Black.otf */ = {isa = PBXFileReference; lastKnownFileType = file; path = "NewYorkLarge-Black.otf"; sourceTree = "<group>"; };
		9504FC4C25B2E4DC004D2C79 /* NewYorkMedium-Black.otf */ = {isa = PBXFileReference; lastKnownFileType = file; path = "NewYorkMedium-Black.otf"; sourceTree = "<group>"; };
		9504FC4D25B2E4DD004D2C79 /* NewYorkSmall-Medium.otf */ = {isa = PBXFileReference; lastKnownFileType = file; path = "NewYorkSmall-Medium.otf"; sourceTree = "<group>"; };
		9504FC4E25B2E4DF004D2C79 /* NewYorkMedium-Regular.otf */ = {isa = PBXFileReference; lastKnownFileType = file; path = "NewYorkMedium-Regular.otf"; sourceTree = "<group>"; };
		9504FC4F25B2E4E0004D2C79 /* NewYorkSmall-Bold.otf */ = {isa = PBXFileReference; lastKnownFileType = file; path = "NewYorkSmall-Bold.otf"; sourceTree = "<group>"; };
		9504FC5025B2E4E1004D2C79 /* NewYorkExtraLarge-Medium.otf */ = {isa = PBXFileReference; lastKnownFileType = file; path = "NewYorkExtraLarge-Medium.otf"; sourceTree = "<group>"; };
		9504FC5125B2E4E3004D2C79 /* NewYorkMedium-Semibold.otf */ = {isa = PBXFileReference; lastKnownFileType = file; path = "NewYorkMedium-Semibold.otf"; sourceTree = "<group>"; };
		9504FC5225B2E4E4004D2C79 /* NewYorkMedium-Bold.otf */ = {isa = PBXFileReference; lastKnownFileType = file; path = "NewYorkMedium-Bold.otf"; sourceTree = "<group>"; };
		9504FC5325B2E4E6004D2C79 /* NewYorkLarge-Semibold.otf */ = {isa = PBXFileReference; lastKnownFileType = file; path = "NewYorkLarge-Semibold.otf"; sourceTree = "<group>"; };
		9504FC5425B2E4E7004D2C79 /* NewYorkMedium-Heavy.otf */ = {isa = PBXFileReference; lastKnownFileType = file; path = "NewYorkMedium-Heavy.otf"; sourceTree = "<group>"; };
		9504FC5525B2E4E8004D2C79 /* NewYorkLarge-MediumItalic.otf */ = {isa = PBXFileReference; lastKnownFileType = file; path = "NewYorkLarge-MediumItalic.otf"; sourceTree = "<group>"; };
		9504FC5625B2E4EA004D2C79 /* NewYorkExtraLarge-Black.otf */ = {isa = PBXFileReference; lastKnownFileType = file; path = "NewYorkExtraLarge-Black.otf"; sourceTree = "<group>"; };
		9504FC5725B2E4EB004D2C79 /* NewYorkLarge-Medium.otf */ = {isa = PBXFileReference; lastKnownFileType = file; path = "NewYorkLarge-Medium.otf"; sourceTree = "<group>"; };
		9504FC5825B2E4ED004D2C79 /* NewYorkExtraLarge-RegularItalic.otf */ = {isa = PBXFileReference; lastKnownFileType = file; path = "NewYorkExtraLarge-RegularItalic.otf"; sourceTree = "<group>"; };
		9504FC5925B2E4EE004D2C79 /* NewYorkExtraLarge-MediumItalic.otf */ = {isa = PBXFileReference; lastKnownFileType = file; path = "NewYorkExtraLarge-MediumItalic.otf"; sourceTree = "<group>"; };
		9504FC5A25B2E4F0004D2C79 /* NewYorkSmall-Semibold.otf */ = {isa = PBXFileReference; lastKnownFileType = file; path = "NewYorkSmall-Semibold.otf"; sourceTree = "<group>"; };
		9504FC5B25B2E4F1004D2C79 /* NewYorkExtraLarge-HeavyItalic.otf */ = {isa = PBXFileReference; lastKnownFileType = file; path = "NewYorkExtraLarge-HeavyItalic.otf"; sourceTree = "<group>"; };
		9504FC5C25B2E4F2004D2C79 /* NewYorkLarge-BoldItalic.otf */ = {isa = PBXFileReference; lastKnownFileType = file; path = "NewYorkLarge-BoldItalic.otf"; sourceTree = "<group>"; };
		9504FC5D25B2E4F4004D2C79 /* NewYorkSmall-SemiboldItalic.otf */ = {isa = PBXFileReference; lastKnownFileType = file; path = "NewYorkSmall-SemiboldItalic.otf"; sourceTree = "<group>"; };
		9504FC5E25B2E4FC004D2C79 /* NewYorkExtraLarge-Semibold.otf */ = {isa = PBXFileReference; lastKnownFileType = file; path = "NewYorkExtraLarge-Semibold.otf"; sourceTree = "<group>"; };
		9504FC5F25B2E4FD004D2C79 /* NewYorkLarge-RegularItalic.otf */ = {isa = PBXFileReference; lastKnownFileType = file; path = "NewYorkLarge-RegularItalic.otf"; sourceTree = "<group>"; };
		9504FC6025B2E4FF004D2C79 /* NewYorkItalic.ttf */ = {isa = PBXFileReference; lastKnownFileType = file; path = NewYorkItalic.ttf; sourceTree = "<group>"; };
		9504FC6125B2E500004D2C79 /* NewYorkExtraLarge-Regular.otf */ = {isa = PBXFileReference; lastKnownFileType = file; path = "NewYorkExtraLarge-Regular.otf"; sourceTree = "<group>"; };
		9504FC6225B2E502004D2C79 /* NewYorkLarge-Heavy.otf */ = {isa = PBXFileReference; lastKnownFileType = file; path = "NewYorkLarge-Heavy.otf"; sourceTree = "<group>"; };
		9504FC6325B2E503004D2C79 /* NewYorkLarge-Regular.otf */ = {isa = PBXFileReference; lastKnownFileType = file; path = "NewYorkLarge-Regular.otf"; sourceTree = "<group>"; };
		9504FC6425B2E505004D2C79 /* NewYorkMedium-BoldItalic.otf */ = {isa = PBXFileReference; lastKnownFileType = file; path = "NewYorkMedium-BoldItalic.otf"; sourceTree = "<group>"; };
		9504FC6525B2E511004D2C79 /* NewYorkLarge-SemiboldItalic.otf */ = {isa = PBXFileReference; lastKnownFileType = file; path = "NewYorkLarge-SemiboldItalic.otf"; sourceTree = "<group>"; };
		9504FC6625B2E512004D2C79 /* NewYorkExtraLarge-Heavy.otf */ = {isa = PBXFileReference; lastKnownFileType = file; path = "NewYorkExtraLarge-Heavy.otf"; sourceTree = "<group>"; };
		9504FC6725B2E514004D2C79 /* NewYorkMedium-MediumItalic.otf */ = {isa = PBXFileReference; lastKnownFileType = file; path = "NewYorkMedium-MediumItalic.otf"; sourceTree = "<group>"; };
		9504FC6825B2E516004D2C79 /* NewYorkSmall-HeavyItalic.otf */ = {isa = PBXFileReference; lastKnownFileType = file; path = "NewYorkSmall-HeavyItalic.otf"; sourceTree = "<group>"; };
		9504FC6925B2E518004D2C79 /* NewYorkMedium-BlackItalic.otf */ = {isa = PBXFileReference; lastKnownFileType = file; path = "NewYorkMedium-BlackItalic.otf"; sourceTree = "<group>"; };
		9504FC6A25B2E519004D2C79 /* NewYorkLarge-Bold.otf */ = {isa = PBXFileReference; lastKnownFileType = file; path = "NewYorkLarge-Bold.otf"; sourceTree = "<group>"; };
		9504FC6B25B2E51A004D2C79 /* NewYorkSmall-Black.otf */ = {isa = PBXFileReference; lastKnownFileType = file; path = "NewYorkSmall-Black.otf"; sourceTree = "<group>"; };
		9504FC6C25B2E51C004D2C79 /* NewYorkLarge-BlackItalic.otf */ = {isa = PBXFileReference; lastKnownFileType = file; path = "NewYorkLarge-BlackItalic.otf"; sourceTree = "<group>"; };
		9504FC6D25B2E51D004D2C79 /* NewYorkMedium-Medium.otf */ = {isa = PBXFileReference; lastKnownFileType = file; path = "NewYorkMedium-Medium.otf"; sourceTree = "<group>"; };
		9504FC6E25B2E51E004D2C79 /* NewYorkExtraLarge-BoldItalic.otf */ = {isa = PBXFileReference; lastKnownFileType = file; path = "NewYorkExtraLarge-BoldItalic.otf"; sourceTree = "<group>"; };
		9504FC6F25B2E520004D2C79 /* NewYorkExtraLarge-Bold.otf */ = {isa = PBXFileReference; lastKnownFileType = file; path = "NewYorkExtraLarge-Bold.otf"; sourceTree = "<group>"; };
		9504FC7025B2E521004D2C79 /* NewYorkSmall-RegularItalic.otf */ = {isa = PBXFileReference; lastKnownFileType = file; path = "NewYorkSmall-RegularItalic.otf"; sourceTree = "<group>"; };
		9504FC7125B2E523004D2C79 /* NewYorkSmall-BoldItalic.otf */ = {isa = PBXFileReference; lastKnownFileType = file; path = "NewYorkSmall-BoldItalic.otf"; sourceTree = "<group>"; };
		9504FC7225B2E524004D2C79 /* NewYork.ttf */ = {isa = PBXFileReference; lastKnownFileType = file; path = NewYork.ttf; sourceTree = "<group>"; };
		9504FC7325B2E526004D2C79 /* NewYorkExtraLarge-BlackItalic.otf */ = {isa = PBXFileReference; lastKnownFileType = file; path = "NewYorkExtraLarge-BlackItalic.otf"; sourceTree = "<group>"; };
		9504FC7425B2E527004D2C79 /* NewYorkSmall-MediumItalic.otf */ = {isa = PBXFileReference; lastKnownFileType = file; path = "NewYorkSmall-MediumItalic.otf"; sourceTree = "<group>"; };
		9504FC7525B2E529004D2C79 /* NewYorkExtraLarge-SemiboldItalic.otf */ = {isa = PBXFileReference; lastKnownFileType = file; path = "NewYorkExtraLarge-SemiboldItalic.otf"; sourceTree = "<group>"; };
		9504FC7625B2E52A004D2C79 /* NewYorkSmall-Regular.otf */ = {isa = PBXFileReference; lastKnownFileType = file; path = "NewYorkSmall-Regular.otf"; sourceTree = "<group>"; };
		9504FC7725B2E52C004D2C79 /* NewYorkSmall-Heavy.otf */ = {isa = PBXFileReference; lastKnownFileType = file; path = "NewYorkSmall-Heavy.otf"; sourceTree = "<group>"; };
		9504FC7825B2E52E004D2C79 /* NewYorkLarge-HeavyItalic.otf */ = {isa = PBXFileReference; lastKnownFileType = file; path = "NewYorkLarge-HeavyItalic.otf"; sourceTree = "<group>"; };
		9504FC7925B2E52F004D2C79 /* NewYorkSmall-BlackItalic.otf */ = {isa = PBXFileReference; lastKnownFileType = file; path = "NewYorkSmall-BlackItalic.otf"; sourceTree = "<group>"; };
		9504FC7A25B2E531004D2C79 /* NewYorkMedium-SemiboldItalic.otf */ = {isa = PBXFileReference; lastKnownFileType = file; path = "NewYorkMedium-SemiboldItalic.otf"; sourceTree = "<group>"; };
		95089B0F25A8083200590B65 /* GoogleService-Info.plist */ = {isa = PBXFileReference; fileEncoding = 4; lastKnownFileType = text.plist.xml; path = "GoogleService-Info.plist"; sourceTree = "<group>"; };
		952C2C5425B64C270094AD49 /* ReviewViewController.swift */ = {isa = PBXFileReference; lastKnownFileType = sourcecode.swift; path = ReviewViewController.swift; sourceTree = "<group>"; };
		953B08B72556D1AA008F9D3E /* Once A Day.app */ = {isa = PBXFileReference; explicitFileType = wrapper.application; includeInIndex = 0; path = "Once A Day.app"; sourceTree = BUILT_PRODUCTS_DIR; };
		953B08BA2556D1AB008F9D3E /* AppDelegate.swift */ = {isa = PBXFileReference; lastKnownFileType = sourcecode.swift; path = AppDelegate.swift; sourceTree = "<group>"; };
		953B08BC2556D1AB008F9D3E /* SceneDelegate.swift */ = {isa = PBXFileReference; lastKnownFileType = sourcecode.swift; path = SceneDelegate.swift; sourceTree = "<group>"; };
		953B08C12556D1AB008F9D3E /* Base */ = {isa = PBXFileReference; lastKnownFileType = file.storyboard; name = Base; path = Base.lproj/Main.storyboard; sourceTree = "<group>"; };
		953B08C42556D1AB008F9D3E /* MMM.xcdatamodel */ = {isa = PBXFileReference; lastKnownFileType = wrapper.xcdatamodel; path = MMM.xcdatamodel; sourceTree = "<group>"; };
		953B08C62556D1AC008F9D3E /* Assets.xcassets */ = {isa = PBXFileReference; lastKnownFileType = folder.assetcatalog; path = Assets.xcassets; sourceTree = "<group>"; };
		953B08C92556D1AC008F9D3E /* Base */ = {isa = PBXFileReference; lastKnownFileType = file.storyboard; name = Base; path = Base.lproj/LaunchScreen.storyboard; sourceTree = "<group>"; };
		953B08CB2556D1AC008F9D3E /* Info.plist */ = {isa = PBXFileReference; lastKnownFileType = text.plist.xml; path = Info.plist; sourceTree = "<group>"; };
		95510E8A25BC24CF00DE01DE /* StoreKit.framework */ = {isa = PBXFileReference; lastKnownFileType = wrapper.framework; name = StoreKit.framework; path = System/Library/Frameworks/StoreKit.framework; sourceTree = SDKROOT; };
		95510E9D25BC28B600DE01DE /* TipViewController.swift */ = {isa = PBXFileReference; lastKnownFileType = sourcecode.swift; path = TipViewController.swift; sourceTree = "<group>"; };
		955247312563579000B059CB /* CounterViewController.swift */ = {isa = PBXFileReference; lastKnownFileType = sourcecode.swift; path = CounterViewController.swift; sourceTree = "<group>"; };
		9552473925635B8000B059CB /* roboto */ = {isa = PBXFileReference; lastKnownFileType = folder; path = roboto; sourceTree = "<group>"; };
		95602DBB25725FC300AD648A /* SettingsViewController.swift */ = {isa = PBXFileReference; lastKnownFileType = sourcecode.swift; path = SettingsViewController.swift; sourceTree = "<group>"; };
		9561D4C925BF437F009ECC55 /* UIViewController+Toast.swift */ = {isa = PBXFileReference; lastKnownFileType = sourcecode.swift; path = "UIViewController+Toast.swift"; sourceTree = "<group>"; };
		95660B6625B8EF77001DAF3F /* UIViewController+Background.swift */ = {isa = PBXFileReference; lastKnownFileType = sourcecode.swift; path = "UIViewController+Background.swift"; sourceTree = "<group>"; };
		95660B8725B8F646001DAF3F /* ManagedCounter+CoreDataProperties.swift */ = {isa = PBXFileReference; fileEncoding = 4; lastKnownFileType = sourcecode.swift; path = "ManagedCounter+CoreDataProperties.swift"; sourceTree = "<group>"; };
		95660B8825B8F647001DAF3F /* ManagedCounter+CoreDataClass.swift */ = {isa = PBXFileReference; fileEncoding = 4; lastKnownFileType = sourcecode.swift; path = "ManagedCounter+CoreDataClass.swift"; sourceTree = "<group>"; };
		95724A9625B2687400EF6088 /* IntroductionViewController.swift */ = {isa = PBXFileReference; lastKnownFileType = sourcecode.swift; path = IntroductionViewController.swift; sourceTree = "<group>"; };
		95724AA825B26C3100EF6088 /* StartViewController.swift */ = {isa = PBXFileReference; lastKnownFileType = sourcecode.swift; path = StartViewController.swift; sourceTree = "<group>"; };
		95724AAB25B26E7B00EF6088 /* NavController+NavBar.swift */ = {isa = PBXFileReference; lastKnownFileType = sourcecode.swift; path = "NavController+NavBar.swift"; sourceTree = "<group>"; };
		95724ABD25B26F6300EF6088 /* yButton.swift */ = {isa = PBXFileReference; lastKnownFileType = sourcecode.swift; path = yButton.swift; sourceTree = "<group>"; };
		95724AC125B26F8600EF6088 /* UIButton+Animation.swift */ = {isa = PBXFileReference; lastKnownFileType = sourcecode.swift; path = "UIButton+Animation.swift"; sourceTree = "<group>"; };
		95724AE025B2765900EF6088 /* ReminderViewController.swift */ = {isa = PBXFileReference; lastKnownFileType = sourcecode.swift; path = ReminderViewController.swift; sourceTree = "<group>"; };
		95724AF125B27DAF00EF6088 /* yButtonApp.swift */ = {isa = PBXFileReference; lastKnownFileType = sourcecode.swift; path = yButtonApp.swift; sourceTree = "<group>"; };
		95724AF525B2817800EF6088 /* Constants.swift */ = {isa = PBXFileReference; lastKnownFileType = sourcecode.swift; path = Constants.swift; sourceTree = "<group>"; };
		957321E02568543C00F21BEF /* LoadingViewController.swift */ = {isa = PBXFileReference; lastKnownFileType = sourcecode.swift; path = LoadingViewController.swift; sourceTree = "<group>"; };
		9598581425BE6E2D00E0B890 /* yButtonTip.swift */ = {isa = PBXFileReference; lastKnownFileType = sourcecode.swift; path = yButtonTip.swift; sourceTree = "<group>"; };
		95C1F341255BAFF400B9123C /* CoreDataManager.swift */ = {isa = PBXFileReference; lastKnownFileType = sourcecode.swift; path = CoreDataManager.swift; sourceTree = "<group>"; };
		95C667D725AFF3B5000FA27B /* DoneViewController.swift */ = {isa = PBXFileReference; lastKnownFileType = sourcecode.swift; path = DoneViewController.swift; sourceTree = "<group>"; };
/* End PBXFileReference section */

/* Begin PBXFrameworksBuildPhase section */
		4BFD4B5125C7C5AA00ED55F7 /* Frameworks */ = {
			isa = PBXFrameworksBuildPhase;
			buildActionMask = 2147483647;
			files = (
				4BFD4B5825C7C5AA00ED55F7 /* SwiftUI.framework in Frameworks */,
				4BFD4B5625C7C5AA00ED55F7 /* WidgetKit.framework in Frameworks */,
			);
			runOnlyForDeploymentPostprocessing = 0;
		};
		953B08B42556D1AA008F9D3E /* Frameworks */ = {
			isa = PBXFrameworksBuildPhase;
			buildActionMask = 2147483647;
			files = (
				5FE229A2C89BAA7AC2AC203F /* Pods_MMM.framework in Frameworks */,
				95510E8B25BC24CF00DE01DE /* StoreKit.framework in Frameworks */,
			);
			runOnlyForDeploymentPostprocessing = 0;
		};
/* End PBXFrameworksBuildPhase section */

/* Begin PBXGroup section */
		18E9A77271ACA40224ED8F26 /* Frameworks */ = {
			isa = PBXGroup;
			children = (
				95510E8A25BC24CF00DE01DE /* StoreKit.framework */,
				4794C7EFA14B887B6C18CC0B /* Pods_MMM.framework */,
				4BFD4B5525C7C5AA00ED55F7 /* WidgetKit.framework */,
				4BFD4B5725C7C5AA00ED55F7 /* SwiftUI.framework */,
			);
			name = Frameworks;
			sourceTree = "<group>";
		};
		4BFD4B5925C7C5AA00ED55F7 /* OnceADayWidget */ = {
			isa = PBXGroup;
			children = (
				4BFD4B5A25C7C5AA00ED55F7 /* OnceADayWidget.swift */,
				4BFD4BB425C7DE6100ED55F7 /* WidgetEntryView.swift */,
				4BFD4BAE25C7DD3D00ED55F7 /* UserCountEntry.swift */,
				4BFD4B5C25C7C5AB00ED55F7 /* Assets.xcassets */,
				4BFD4B5E25C7C5AC00ED55F7 /* Info.plist */,
			);
			path = OnceADayWidget;
			sourceTree = "<group>";
		};
		4BFD4B7025C7C63E00ED55F7 /* Shared */ = {
			isa = PBXGroup;
			children = (
			);
			path = Shared;
			sourceTree = "<group>";
		};
		9504FC4525B2E2A8004D2C79 /* Fonts */ = {
			isa = PBXGroup;
			children = (
				9504FC4725B2E403004D2C79 /* NY */,
				9552473925635B8000B059CB /* roboto */,
			);
			path = Fonts;
			sourceTree = "<group>";
		};
		9504FC4725B2E403004D2C79 /* NY */ = {
			isa = PBXGroup;
			children = (
				9504FC7225B2E524004D2C79 /* NewYork.ttf */,
				9504FC5625B2E4EA004D2C79 /* NewYorkExtraLarge-Black.otf */,
				9504FC7325B2E526004D2C79 /* NewYorkExtraLarge-BlackItalic.otf */,
				9504FC6F25B2E520004D2C79 /* NewYorkExtraLarge-Bold.otf */,
				9504FC6E25B2E51E004D2C79 /* NewYorkExtraLarge-BoldItalic.otf */,
				9504FC6625B2E512004D2C79 /* NewYorkExtraLarge-Heavy.otf */,
				9504FC5B25B2E4F1004D2C79 /* NewYorkExtraLarge-HeavyItalic.otf */,
				9504FC5025B2E4E1004D2C79 /* NewYorkExtraLarge-Medium.otf */,
				9504FC5925B2E4EE004D2C79 /* NewYorkExtraLarge-MediumItalic.otf */,
				9504FC6125B2E500004D2C79 /* NewYorkExtraLarge-Regular.otf */,
				9504FC5825B2E4ED004D2C79 /* NewYorkExtraLarge-RegularItalic.otf */,
				9504FC5E25B2E4FC004D2C79 /* NewYorkExtraLarge-Semibold.otf */,
				9504FC7525B2E529004D2C79 /* NewYorkExtraLarge-SemiboldItalic.otf */,
				9504FC6025B2E4FF004D2C79 /* NewYorkItalic.ttf */,
				9504FC4B25B2E4DA004D2C79 /* NewYorkLarge-Black.otf */,
				9504FC6C25B2E51C004D2C79 /* NewYorkLarge-BlackItalic.otf */,
				9504FC6A25B2E519004D2C79 /* NewYorkLarge-Bold.otf */,
				9504FC5C25B2E4F2004D2C79 /* NewYorkLarge-BoldItalic.otf */,
				9504FC6225B2E502004D2C79 /* NewYorkLarge-Heavy.otf */,
				9504FC7825B2E52E004D2C79 /* NewYorkLarge-HeavyItalic.otf */,
				9504FC5725B2E4EB004D2C79 /* NewYorkLarge-Medium.otf */,
				9504FC5525B2E4E8004D2C79 /* NewYorkLarge-MediumItalic.otf */,
				9504FC6325B2E503004D2C79 /* NewYorkLarge-Regular.otf */,
				9504FC5F25B2E4FD004D2C79 /* NewYorkLarge-RegularItalic.otf */,
				9504FC5325B2E4E6004D2C79 /* NewYorkLarge-Semibold.otf */,
				9504FC6525B2E511004D2C79 /* NewYorkLarge-SemiboldItalic.otf */,
				9504FC4C25B2E4DC004D2C79 /* NewYorkMedium-Black.otf */,
				9504FC6925B2E518004D2C79 /* NewYorkMedium-BlackItalic.otf */,
				9504FC5225B2E4E4004D2C79 /* NewYorkMedium-Bold.otf */,
				9504FC6425B2E505004D2C79 /* NewYorkMedium-BoldItalic.otf */,
				9504FC5425B2E4E7004D2C79 /* NewYorkMedium-Heavy.otf */,
				9504FC4925B2E4D8004D2C79 /* NewYorkMedium-HeavyItalic.otf */,
				9504FC6D25B2E51D004D2C79 /* NewYorkMedium-Medium.otf */,
				9504FC6725B2E514004D2C79 /* NewYorkMedium-MediumItalic.otf */,
				9504FC4E25B2E4DF004D2C79 /* NewYorkMedium-Regular.otf */,
				9504FC4A25B2E4D9004D2C79 /* NewYorkMedium-RegularItalic.otf */,
				9504FC5125B2E4E3004D2C79 /* NewYorkMedium-Semibold.otf */,
				9504FC7A25B2E531004D2C79 /* NewYorkMedium-SemiboldItalic.otf */,
				9504FC6B25B2E51A004D2C79 /* NewYorkSmall-Black.otf */,
				9504FC7925B2E52F004D2C79 /* NewYorkSmall-BlackItalic.otf */,
				9504FC4F25B2E4E0004D2C79 /* NewYorkSmall-Bold.otf */,
				9504FC7125B2E523004D2C79 /* NewYorkSmall-BoldItalic.otf */,
				9504FC7725B2E52C004D2C79 /* NewYorkSmall-Heavy.otf */,
				9504FC6825B2E516004D2C79 /* NewYorkSmall-HeavyItalic.otf */,
				9504FC4D25B2E4DD004D2C79 /* NewYorkSmall-Medium.otf */,
				9504FC7425B2E527004D2C79 /* NewYorkSmall-MediumItalic.otf */,
				9504FC7625B2E52A004D2C79 /* NewYorkSmall-Regular.otf */,
				9504FC7025B2E521004D2C79 /* NewYorkSmall-RegularItalic.otf */,
				9504FC5A25B2E4F0004D2C79 /* NewYorkSmall-Semibold.otf */,
				9504FC5D25B2E4F4004D2C79 /* NewYorkSmall-SemiboldItalic.otf */,
			);
			path = NY;
			sourceTree = "<group>";
		};
		953B08AE2556D1AA008F9D3E = {
			isa = PBXGroup;
			children = (
				4BFC83FF25CBB006008FC6DF /* OnceADayWidgetExtension.entitlements */,
				953B08B92556D1AA008F9D3E /* MMM */,
				4BFD4B5925C7C5AA00ED55F7 /* OnceADayWidget */,
				4BFD4B7025C7C63E00ED55F7 /* Shared */,
				953B08B82556D1AA008F9D3E /* Products */,
				F286CB4F27972DF48FA27132 /* Pods */,
				18E9A77271ACA40224ED8F26 /* Frameworks */,
			);
			sourceTree = "<group>";
		};
		953B08B82556D1AA008F9D3E /* Products */ = {
			isa = PBXGroup;
			children = (
				953B08B72556D1AA008F9D3E /* Once A Day.app */,
				4BFD4B5425C7C5AA00ED55F7 /* OnceADayWidgetExtension.appex */,
			);
			name = Products;
			sourceTree = "<group>";
		};
		953B08B92556D1AA008F9D3E /* MMM */ = {
			isa = PBXGroup;
			children = (
				4BFC840225CBB025008FC6DF /* Once A Day.entitlements */,
				9552473C25635B8800B059CB /* Utils */,
				9552473825635B5000B059CB /* Supporting Files */,
				9552473725635B4700B059CB /* Model */,
				9552473625635B3C00B059CB /* Controller */,
				953B08C02556D1AB008F9D3E /* Main.storyboard */,
				953B08CB2556D1AC008F9D3E /* Info.plist */,
				95089B0F25A8083200590B65 /* GoogleService-Info.plist */,
			);
			path = MMM;
			sourceTree = "<group>";
		};
		9552473625635B3C00B059CB /* Controller */ = {
			isa = PBXGroup;
			children = (
				95724A9525B2682A00EF6088 /* StartUp */,
				957321E02568543C00F21BEF /* LoadingViewController.swift */,
				955247312563579000B059CB /* CounterViewController.swift */,
				95602DBB25725FC300AD648A /* SettingsViewController.swift */,
				95C667D725AFF3B5000FA27B /* DoneViewController.swift */,
				952C2C5425B64C270094AD49 /* ReviewViewController.swift */,
				95510E9D25BC28B600DE01DE /* TipViewController.swift */,
			);
			path = Controller;
			sourceTree = "<group>";
		};
		9552473725635B4700B059CB /* Model */ = {
			isa = PBXGroup;
			children = (
				95660B8825B8F647001DAF3F /* ManagedCounter+CoreDataClass.swift */,
				95660B8725B8F646001DAF3F /* ManagedCounter+CoreDataProperties.swift */,
			);
			path = Model;
			sourceTree = "<group>";
		};
		9552473825635B5000B059CB /* Supporting Files */ = {
			isa = PBXGroup;
			children = (
				953B08C62556D1AC008F9D3E /* Assets.xcassets */,
				95C1F341255BAFF400B9123C /* CoreDataManager.swift */,
				953B08BA2556D1AB008F9D3E /* AppDelegate.swift */,
				953B08BC2556D1AB008F9D3E /* SceneDelegate.swift */,
				953B08C82556D1AC008F9D3E /* LaunchScreen.storyboard */,
				953B08C32556D1AB008F9D3E /* MMM.xcdatamodeld */,
			);
			path = "Supporting Files";
			sourceTree = "<group>";
		};
		9552473C25635B8800B059CB /* Utils */ = {
			isa = PBXGroup;
			children = (
				9504FC4525B2E2A8004D2C79 /* Fonts */,
				95724ABC25B26F5100EF6088 /* Components */,
				95724AAB25B26E7B00EF6088 /* NavController+NavBar.swift */,
				9561D4C925BF437F009ECC55 /* UIViewController+Toast.swift */,
				95724AC125B26F8600EF6088 /* UIButton+Animation.swift */,
				95724AF525B2817800EF6088 /* Constants.swift */,
				95660B6625B8EF77001DAF3F /* UIViewController+Background.swift */,
			);
			path = Utils;
			sourceTree = "<group>";
		};
		95724A9525B2682A00EF6088 /* StartUp */ = {
			isa = PBXGroup;
			children = (
				95724A9625B2687400EF6088 /* IntroductionViewController.swift */,
				95724AA825B26C3100EF6088 /* StartViewController.swift */,
				95724AE025B2765900EF6088 /* ReminderViewController.swift */,
			);
			path = StartUp;
			sourceTree = "<group>";
		};
		95724ABC25B26F5100EF6088 /* Components */ = {
			isa = PBXGroup;
			children = (
				95724ABD25B26F6300EF6088 /* yButton.swift */,
				95724AF125B27DAF00EF6088 /* yButtonApp.swift */,
				9598581425BE6E2D00E0B890 /* yButtonTip.swift */,
			);
			path = Components;
			sourceTree = "<group>";
		};
		F286CB4F27972DF48FA27132 /* Pods */ = {
			isa = PBXGroup;
			children = (
				366C4F8CFAD8E27CCB2B0B4F /* Pods-MMM.debug.xcconfig */,
				11545567E27B1BF83F8D3BA9 /* Pods-MMM.release.xcconfig */,
			);
			path = Pods;
			sourceTree = "<group>";
		};
/* End PBXGroup section */

/* Begin PBXNativeTarget section */
		4BFD4B5325C7C5AA00ED55F7 /* OnceADayWidgetExtension */ = {
			isa = PBXNativeTarget;
			buildConfigurationList = 4BFD4B6525C7C5AC00ED55F7 /* Build configuration list for PBXNativeTarget "OnceADayWidgetExtension" */;
			buildPhases = (
				4BFD4B5025C7C5AA00ED55F7 /* Sources */,
				4BFD4B5125C7C5AA00ED55F7 /* Frameworks */,
				4BFD4B5225C7C5AA00ED55F7 /* Resources */,
			);
			buildRules = (
			);
			dependencies = (
			);
			name = OnceADayWidgetExtension;
			productName = OnceADayWIdgetExtension;
			productReference = 4BFD4B5425C7C5AA00ED55F7 /* OnceADayWidgetExtension.appex */;
			productType = "com.apple.product-type.app-extension";
		};
		953B08B62556D1AA008F9D3E /* MMM */ = {
			isa = PBXNativeTarget;
			buildConfigurationList = 953B08CE2556D1AC008F9D3E /* Build configuration list for PBXNativeTarget "MMM" */;
			buildPhases = (
				F032F060132DD066804D2401 /* [CP] Check Pods Manifest.lock */,
				953B08B32556D1AA008F9D3E /* Sources */,
				953B08B42556D1AA008F9D3E /* Frameworks */,
				953B08B52556D1AA008F9D3E /* Resources */,
				27D8938DF14355BDA5AE4C00 /* [CP] Embed Pods Frameworks */,
				4BFD4B6225C7C5AC00ED55F7 /* Embed App Extensions */,
			);
			buildRules = (
			);
			dependencies = (
				4BFD4B6025C7C5AC00ED55F7 /* PBXTargetDependency */,
			);
			name = MMM;
			productName = MMM;
			productReference = 953B08B72556D1AA008F9D3E /* Once A Day.app */;
			productType = "com.apple.product-type.application";
		};
/* End PBXNativeTarget section */

/* Begin PBXProject section */
		953B08AF2556D1AA008F9D3E /* Project object */ = {
			isa = PBXProject;
			attributes = {
				LastSwiftUpdateCheck = 1240;
				LastUpgradeCheck = 1210;
				ORGANIZATIONNAME = "Martin Kuchar";
				TargetAttributes = {
					4BFD4B5325C7C5AA00ED55F7 = {
						CreatedOnToolsVersion = 12.4;
					};
					953B08B62556D1AA008F9D3E = {
						CreatedOnToolsVersion = 11.7;
					};
				};
			};
			buildConfigurationList = 953B08B22556D1AA008F9D3E /* Build configuration list for PBXProject "MMM" */;
			compatibilityVersion = "Xcode 9.3";
			developmentRegion = en;
			hasScannedForEncodings = 0;
			knownRegions = (
				en,
				Base,
			);
			mainGroup = 953B08AE2556D1AA008F9D3E;
			productRefGroup = 953B08B82556D1AA008F9D3E /* Products */;
			projectDirPath = "";
			projectRoot = "";
			targets = (
				953B08B62556D1AA008F9D3E /* MMM */,
				4BFD4B5325C7C5AA00ED55F7 /* OnceADayWidgetExtension */,
			);
		};
/* End PBXProject section */

/* Begin PBXResourcesBuildPhase section */
		4BFD4B5225C7C5AA00ED55F7 /* Resources */ = {
			isa = PBXResourcesBuildPhase;
			buildActionMask = 2147483647;
			files = (
				4BFD4B7D25C7C6D800ED55F7 /* NewYorkMedium-Black.otf in Resources */,
				4BFD4BA625C7C6D800ED55F7 /* NewYorkMedium-BlackItalic.otf in Resources */,
				4BFD4B9125C7C6D800ED55F7 /* NewYorkLarge-BlackItalic.otf in Resources */,
				4BFD4B8125C7C6D800ED55F7 /* NewYorkExtraLarge-Regular.otf in Resources */,
				4BFD4B8E25C7C6D800ED55F7 /* NewYorkLarge-RegularItalic.otf in Resources */,
				4BFD4B8C25C7C6D800ED55F7 /* NewYorkSmall-BoldItalic.otf in Resources */,
				4BFD4B8F25C7C6D800ED55F7 /* NewYorkLarge-Medium.otf in Resources */,
				4BFD4B9625C7C6D800ED55F7 /* NewYorkItalic.ttf in Resources */,
				4BFD4B8625C7C6D800ED55F7 /* NewYorkSmall-BlackItalic.otf in Resources */,
				4BFD4B9825C7C6D800ED55F7 /* NewYork.ttf in Resources */,
				4BFD4BA225C7C6D800ED55F7 /* NewYorkSmall-HeavyItalic.otf in Resources */,
				4BFD4B8925C7C6D800ED55F7 /* NewYorkExtraLarge-Semibold.otf in Resources */,
				4BFD4B9C25C7C6D800ED55F7 /* NewYorkLarge-Bold.otf in Resources */,
				4BFD4B7B25C7C6D800ED55F7 /* NewYorkLarge-MediumItalic.otf in Resources */,
				4BFD4B9425C7C6D800ED55F7 /* NewYorkExtraLarge-RegularItalic.otf in Resources */,
				4BFD4B7C25C7C6D800ED55F7 /* NewYorkSmall-Black.otf in Resources */,
				4BFD4BA025C7C6D800ED55F7 /* NewYorkLarge-SemiboldItalic.otf in Resources */,
				4BFD4B9725C7C6D800ED55F7 /* NewYorkSmall-Medium.otf in Resources */,
				4BFD4B7E25C7C6D800ED55F7 /* NewYorkExtraLarge-Black.otf in Resources */,
				4BFD4B8825C7C6D800ED55F7 /* NewYorkMedium-SemiboldItalic.otf in Resources */,
				4BFD4B9925C7C6D800ED55F7 /* NewYorkLarge-Regular.otf in Resources */,
				4BFD4B8225C7C6D800ED55F7 /* NewYorkExtraLarge-Heavy.otf in Resources */,
				4BFD4B9D25C7C6D800ED55F7 /* NewYorkExtraLarge-SemiboldItalic.otf in Resources */,
				4BFD4B8B25C7C6D800ED55F7 /* NewYorkMedium-Semibold.otf in Resources */,
				4BFD4B7F25C7C6D800ED55F7 /* NewYorkMedium-HeavyItalic.otf in Resources */,
				4BFD4B8725C7C6D800ED55F7 /* NewYorkExtraLarge-BoldItalic.otf in Resources */,
				4BFD4B9525C7C6D800ED55F7 /* NewYorkLarge-Heavy.otf in Resources */,
				4BFD4BA325C7C6D800ED55F7 /* NewYorkSmall-Semibold.otf in Resources */,
				4BFD4B5D25C7C5AB00ED55F7 /* Assets.xcassets in Resources */,
				4BFD4B8025C7C6D800ED55F7 /* NewYorkLarge-BoldItalic.otf in Resources */,
				4BFD4BA725C7C6D800ED55F7 /* NewYorkExtraLarge-HeavyItalic.otf in Resources */,
				4BFD4B7825C7C6D800ED55F7 /* NewYorkLarge-Semibold.otf in Resources */,
				4BFD4B7A25C7C6D800ED55F7 /* NewYorkSmall-RegularItalic.otf in Resources */,
				4BFD4BA125C7C6D800ED55F7 /* NewYorkMedium-Medium.otf in Resources */,
				4BFD4B8D25C7C6D800ED55F7 /* NewYorkLarge-Black.otf in Resources */,
				4BFD4B8425C7C6D800ED55F7 /* NewYorkSmall-Bold.otf in Resources */,
				4BFD4B8325C7C6D800ED55F7 /* NewYorkLarge-HeavyItalic.otf in Resources */,
				4BFD4B8A25C7C6D800ED55F7 /* NewYorkMedium-Bold.otf in Resources */,
				4BFD4B9225C7C6D800ED55F7 /* NewYorkSmall-Regular.otf in Resources */,
				4BFD4B9B25C7C6D800ED55F7 /* NewYorkMedium-RegularItalic.otf in Resources */,
				4BFD4B9A25C7C6D800ED55F7 /* NewYorkExtraLarge-Bold.otf in Resources */,
				4BFD4BA525C7C6D800ED55F7 /* NewYorkMedium-BoldItalic.otf in Resources */,
				4BFD4BA425C7C6D800ED55F7 /* NewYorkSmall-MediumItalic.otf in Resources */,
				4BFD4B7725C7C6D800ED55F7 /* NewYorkExtraLarge-MediumItalic.otf in Resources */,
				4BFD4B9325C7C6D800ED55F7 /* NewYorkExtraLarge-BlackItalic.otf in Resources */,
				4BFD4B9025C7C6D800ED55F7 /* NewYorkMedium-Heavy.otf in Resources */,
				4BFD4BA825C7C6D800ED55F7 /* NewYorkMedium-MediumItalic.otf in Resources */,
				4BFD4B9F25C7C6D800ED55F7 /* NewYorkSmall-SemiboldItalic.otf in Resources */,
				4BFD4B9E25C7C6D800ED55F7 /* NewYorkExtraLarge-Medium.otf in Resources */,
				4BFD4B7925C7C6D800ED55F7 /* NewYorkMedium-Regular.otf in Resources */,
				4BFD4B8525C7C6D800ED55F7 /* NewYorkSmall-Heavy.otf in Resources */,
			);
			runOnlyForDeploymentPostprocessing = 0;
		};
		953B08B52556D1AA008F9D3E /* Resources */ = {
			isa = PBXResourcesBuildPhase;
			buildActionMask = 2147483647;
			files = (
				9504FC9A25B2E531004D2C79 /* NewYorkSmall-HeavyItalic.otf in Resources */,
				9504FC7F25B2E531004D2C79 /* NewYorkSmall-Medium.otf in Resources */,
				9504FCA525B2E531004D2C79 /* NewYorkExtraLarge-BlackItalic.otf in Resources */,
				9504FCA325B2E531004D2C79 /* NewYorkSmall-BoldItalic.otf in Resources */,
				9504FC8A25B2E531004D2C79 /* NewYorkExtraLarge-RegularItalic.otf in Resources */,
				9504FC9725B2E531004D2C79 /* NewYorkLarge-SemiboldItalic.otf in Resources */,
				9504FC8D25B2E531004D2C79 /* NewYorkExtraLarge-HeavyItalic.otf in Resources */,
				9504FC8E25B2E531004D2C79 /* NewYorkLarge-BoldItalic.otf in Resources */,
				9504FC9E25B2E531004D2C79 /* NewYorkLarge-BlackItalic.otf in Resources */,
				9504FCA725B2E531004D2C79 /* NewYorkExtraLarge-SemiboldItalic.otf in Resources */,
				9504FC9125B2E531004D2C79 /* NewYorkLarge-RegularItalic.otf in Resources */,
				9504FC8625B2E531004D2C79 /* NewYorkMedium-Heavy.otf in Resources */,
				9504FC8C25B2E531004D2C79 /* NewYorkSmall-Semibold.otf in Resources */,
				9504FC8225B2E531004D2C79 /* NewYorkExtraLarge-Medium.otf in Resources */,
				9504FC9C25B2E531004D2C79 /* NewYorkLarge-Bold.otf in Resources */,
				9504FCAA25B2E531004D2C79 /* NewYorkLarge-HeavyItalic.otf in Resources */,
				9504FCA425B2E531004D2C79 /* NewYork.ttf in Resources */,
				9504FC9525B2E531004D2C79 /* NewYorkLarge-Regular.otf in Resources */,
				9504FC7C25B2E531004D2C79 /* NewYorkMedium-RegularItalic.otf in Resources */,
				9504FC8125B2E531004D2C79 /* NewYorkSmall-Bold.otf in Resources */,
				9504FC9F25B2E531004D2C79 /* NewYorkMedium-Medium.otf in Resources */,
				9504FC8025B2E531004D2C79 /* NewYorkMedium-Regular.otf in Resources */,
				9504FC9D25B2E531004D2C79 /* NewYorkSmall-Black.otf in Resources */,
				9504FC9925B2E531004D2C79 /* NewYorkMedium-MediumItalic.otf in Resources */,
				9504FCA925B2E531004D2C79 /* NewYorkSmall-Heavy.otf in Resources */,
				9504FC9625B2E531004D2C79 /* NewYorkMedium-BoldItalic.otf in Resources */,
				9504FC8B25B2E531004D2C79 /* NewYorkExtraLarge-MediumItalic.otf in Resources */,
				9504FC9825B2E531004D2C79 /* NewYorkExtraLarge-Heavy.otf in Resources */,
				9504FC9425B2E531004D2C79 /* NewYorkLarge-Heavy.otf in Resources */,
				9504FCA825B2E531004D2C79 /* NewYorkSmall-Regular.otf in Resources */,
				9504FC8725B2E531004D2C79 /* NewYorkLarge-MediumItalic.otf in Resources */,
				9504FC8425B2E531004D2C79 /* NewYorkMedium-Bold.otf in Resources */,
				9504FC8525B2E531004D2C79 /* NewYorkLarge-Semibold.otf in Resources */,
				9504FCAC25B2E531004D2C79 /* NewYorkMedium-SemiboldItalic.otf in Resources */,
				9504FC7D25B2E531004D2C79 /* NewYorkLarge-Black.otf in Resources */,
				9504FC8925B2E531004D2C79 /* NewYorkLarge-Medium.otf in Resources */,
				9504FC7E25B2E531004D2C79 /* NewYorkMedium-Black.otf in Resources */,
				953B08CA2556D1AC008F9D3E /* LaunchScreen.storyboard in Resources */,
				9504FC8F25B2E531004D2C79 /* NewYorkSmall-SemiboldItalic.otf in Resources */,
				953B08C72556D1AC008F9D3E /* Assets.xcassets in Resources */,
				9504FCA225B2E531004D2C79 /* NewYorkSmall-RegularItalic.otf in Resources */,
				9504FC8825B2E531004D2C79 /* NewYorkExtraLarge-Black.otf in Resources */,
				9504FC8325B2E531004D2C79 /* NewYorkMedium-Semibold.otf in Resources */,
				9504FCA625B2E531004D2C79 /* NewYorkSmall-MediumItalic.otf in Resources */,
				9504FC9225B2E531004D2C79 /* NewYorkItalic.ttf in Resources */,
				9504FC7B25B2E531004D2C79 /* NewYorkMedium-HeavyItalic.otf in Resources */,
				9504FC9325B2E531004D2C79 /* NewYorkExtraLarge-Regular.otf in Resources */,
				95089B1025A8083200590B65 /* GoogleService-Info.plist in Resources */,
				9504FCA025B2E531004D2C79 /* NewYorkExtraLarge-BoldItalic.otf in Resources */,
				9504FC9B25B2E531004D2C79 /* NewYorkMedium-BlackItalic.otf in Resources */,
				953B08C22556D1AB008F9D3E /* Main.storyboard in Resources */,
				9504FCA125B2E531004D2C79 /* NewYorkExtraLarge-Bold.otf in Resources */,
				9552473A25635B8000B059CB /* roboto in Resources */,
				9504FC9025B2E531004D2C79 /* NewYorkExtraLarge-Semibold.otf in Resources */,
				9504FCAB25B2E531004D2C79 /* NewYorkSmall-BlackItalic.otf in Resources */,
			);
			runOnlyForDeploymentPostprocessing = 0;
		};
/* End PBXResourcesBuildPhase section */

/* Begin PBXShellScriptBuildPhase section */
		27D8938DF14355BDA5AE4C00 /* [CP] Embed Pods Frameworks */ = {
			isa = PBXShellScriptBuildPhase;
			buildActionMask = 2147483647;
			files = (
			);
			inputFileListPaths = (
				"${PODS_ROOT}/Target Support Files/Pods-MMM/Pods-MMM-frameworks-${CONFIGURATION}-input-files.xcfilelist",
			);
			name = "[CP] Embed Pods Frameworks";
			outputFileListPaths = (
				"${PODS_ROOT}/Target Support Files/Pods-MMM/Pods-MMM-frameworks-${CONFIGURATION}-output-files.xcfilelist",
			);
			runOnlyForDeploymentPostprocessing = 0;
			shellPath = /bin/sh;
			shellScript = "\"${PODS_ROOT}/Target Support Files/Pods-MMM/Pods-MMM-frameworks.sh\"\n";
			showEnvVarsInLog = 0;
		};
		F032F060132DD066804D2401 /* [CP] Check Pods Manifest.lock */ = {
			isa = PBXShellScriptBuildPhase;
			buildActionMask = 2147483647;
			files = (
			);
			inputFileListPaths = (
			);
			inputPaths = (
				"${PODS_PODFILE_DIR_PATH}/Podfile.lock",
				"${PODS_ROOT}/Manifest.lock",
			);
			name = "[CP] Check Pods Manifest.lock";
			outputFileListPaths = (
			);
			outputPaths = (
				"$(DERIVED_FILE_DIR)/Pods-MMM-checkManifestLockResult.txt",
			);
			runOnlyForDeploymentPostprocessing = 0;
			shellPath = /bin/sh;
			shellScript = "diff \"${PODS_PODFILE_DIR_PATH}/Podfile.lock\" \"${PODS_ROOT}/Manifest.lock\" > /dev/null\nif [ $? != 0 ] ; then\n    # print error to STDERR\n    echo \"error: The sandbox is not in sync with the Podfile.lock. Run 'pod install' or update your CocoaPods installation.\" >&2\n    exit 1\nfi\n# This output is used by Xcode 'outputs' to avoid re-running this script phase.\necho \"SUCCESS\" > \"${SCRIPT_OUTPUT_FILE_0}\"\n";
			showEnvVarsInLog = 0;
		};
/* End PBXShellScriptBuildPhase section */

/* Begin PBXSourcesBuildPhase section */
		4BFD4B5025C7C5AA00ED55F7 /* Sources */ = {
			isa = PBXSourcesBuildPhase;
			buildActionMask = 2147483647;
			files = (
				4BFD4B7325C7C6BA00ED55F7 /* ManagedCounter+CoreDataProperties.swift in Sources */,
				4BFD4BB525C7DE6100ED55F7 /* WidgetEntryView.swift in Sources */,
				4BFD4B5B25C7C5AA00ED55F7 /* OnceADayWidget.swift in Sources */,
				4BFD4B7425C7C6BA00ED55F7 /* ManagedCounter+CoreDataClass.swift in Sources */,
				4BFD4BAF25C7DD3D00ED55F7 /* UserCountEntry.swift in Sources */,
				4BFC83E825CBAB0D008FC6DF /* CoreDataManager.swift in Sources */,
				4BFD4BAB25C7C6E700ED55F7 /* Constants.swift in Sources */,
				4BFC83FC25CBAE5A008FC6DF /* MMM.xcdatamodeld in Sources */,
			);
			runOnlyForDeploymentPostprocessing = 0;
		};
		953B08B32556D1AA008F9D3E /* Sources */ = {
			isa = PBXSourcesBuildPhase;
			buildActionMask = 2147483647;
			files = (
				95724AAC25B26E7B00EF6088 /* NavController+NavBar.swift in Sources */,
				95660B8925B8F647001DAF3F /* ManagedCounter+CoreDataProperties.swift in Sources */,
				953B08BB2556D1AB008F9D3E /* AppDelegate.swift in Sources */,
				9598581525BE6E2D00E0B890 /* yButtonTip.swift in Sources */,
				952C2C5525B64C270094AD49 /* ReviewViewController.swift in Sources */,
				95C667D825AFF3B5000FA27B /* DoneViewController.swift in Sources */,
				95724A9725B2687400EF6088 /* IntroductionViewController.swift in Sources */,
				95724ABE25B26F6300EF6088 /* yButton.swift in Sources */,
				95602DBC25725FC300AD648A /* SettingsViewController.swift in Sources */,
				95724AC225B26F8600EF6088 /* UIButton+Animation.swift in Sources */,
				95724AF225B27DAF00EF6088 /* yButtonApp.swift in Sources */,
				95510E9E25BC28B600DE01DE /* TipViewController.swift in Sources */,
				95660B8A25B8F647001DAF3F /* ManagedCounter+CoreDataClass.swift in Sources */,
				953B08BD2556D1AB008F9D3E /* SceneDelegate.swift in Sources */,
				95660B6725B8EF77001DAF3F /* UIViewController+Background.swift in Sources */,
				9561D4CA25BF437F009ECC55 /* UIViewController+Toast.swift in Sources */,
				95724AE125B2765900EF6088 /* ReminderViewController.swift in Sources */,
				95724AA925B26C3100EF6088 /* StartViewController.swift in Sources */,
				95C1F342255BAFF400B9123C /* CoreDataManager.swift in Sources */,
				957321E12568543C00F21BEF /* LoadingViewController.swift in Sources */,
				953B08C52556D1AB008F9D3E /* MMM.xcdatamodeld in Sources */,
				955247322563579000B059CB /* CounterViewController.swift in Sources */,
				95724AF625B2817800EF6088 /* Constants.swift in Sources */,
			);
			runOnlyForDeploymentPostprocessing = 0;
		};
/* End PBXSourcesBuildPhase section */

/* Begin PBXTargetDependency section */
		4BFD4B6025C7C5AC00ED55F7 /* PBXTargetDependency */ = {
			isa = PBXTargetDependency;
			target = 4BFD4B5325C7C5AA00ED55F7 /* OnceADayWidgetExtension */;
			targetProxy = 4BFD4B5F25C7C5AC00ED55F7 /* PBXContainerItemProxy */;
		};
/* End PBXTargetDependency section */

/* Begin PBXVariantGroup section */
		953B08C02556D1AB008F9D3E /* Main.storyboard */ = {
			isa = PBXVariantGroup;
			children = (
				953B08C12556D1AB008F9D3E /* Base */,
			);
			name = Main.storyboard;
			sourceTree = "<group>";
		};
		953B08C82556D1AC008F9D3E /* LaunchScreen.storyboard */ = {
			isa = PBXVariantGroup;
			children = (
				953B08C92556D1AC008F9D3E /* Base */,
			);
			name = LaunchScreen.storyboard;
			sourceTree = "<group>";
		};
/* End PBXVariantGroup section */

/* Begin XCBuildConfiguration section */
		4BFD4B6325C7C5AC00ED55F7 /* Debug */ = {
			isa = XCBuildConfiguration;
			buildSettings = {
				ASSETCATALOG_COMPILER_GLOBAL_ACCENT_COLOR_NAME = AccentColor;
				ASSETCATALOG_COMPILER_WIDGET_BACKGROUND_COLOR_NAME = WidgetBackground;
				CODE_SIGN_ENTITLEMENTS = OnceADayWidgetExtension.entitlements;
				CODE_SIGN_STYLE = Automatic;
				DEVELOPMENT_TEAM = XF72A49733;
				INFOPLIST_FILE = OnceADayWIdget/Info.plist;
				IPHONEOS_DEPLOYMENT_TARGET = 14.4;
				LD_RUNPATH_SEARCH_PATHS = (
					"$(inherited)",
					"@executable_path/Frameworks",
					"@executable_path/../../Frameworks",
				);
				PRODUCT_BUNDLE_IDENTIFIER = com.mm.onestep.tushar.OnceADayWidget;
				PRODUCT_NAME = "$(TARGET_NAME)";
				SKIP_INSTALL = YES;
				SWIFT_VERSION = 5.0;
				TARGETED_DEVICE_FAMILY = "1,2";
			};
			name = Debug;
		};
		4BFD4B6425C7C5AC00ED55F7 /* Release */ = {
			isa = XCBuildConfiguration;
			buildSettings = {
				ASSETCATALOG_COMPILER_GLOBAL_ACCENT_COLOR_NAME = AccentColor;
				ASSETCATALOG_COMPILER_WIDGET_BACKGROUND_COLOR_NAME = WidgetBackground;
				CODE_SIGN_ENTITLEMENTS = OnceADayWidgetExtension.entitlements;
				CODE_SIGN_STYLE = Automatic;
				DEVELOPMENT_TEAM = XF72A49733;
				INFOPLIST_FILE = OnceADayWIdget/Info.plist;
				IPHONEOS_DEPLOYMENT_TARGET = 14.4;
				LD_RUNPATH_SEARCH_PATHS = (
					"$(inherited)",
					"@executable_path/Frameworks",
					"@executable_path/../../Frameworks",
				);
				PRODUCT_BUNDLE_IDENTIFIER = com.mm.onestep.tushar.OnceADayWidget;
				PRODUCT_NAME = "$(TARGET_NAME)";
				SKIP_INSTALL = YES;
				SWIFT_VERSION = 5.0;
				TARGETED_DEVICE_FAMILY = "1,2";
			};
			name = Release;
		};
		953B08CC2556D1AC008F9D3E /* Debug */ = {
			isa = XCBuildConfiguration;
			buildSettings = {
				ALWAYS_SEARCH_USER_PATHS = NO;
				CLANG_ANALYZER_NONNULL = YES;
				CLANG_ANALYZER_NUMBER_OBJECT_CONVERSION = YES_AGGRESSIVE;
				CLANG_CXX_LANGUAGE_STANDARD = "gnu++14";
				CLANG_CXX_LIBRARY = "libc++";
				CLANG_ENABLE_MODULES = YES;
				CLANG_ENABLE_OBJC_ARC = YES;
				CLANG_ENABLE_OBJC_WEAK = YES;
				CLANG_WARN_BLOCK_CAPTURE_AUTORELEASING = YES;
				CLANG_WARN_BOOL_CONVERSION = YES;
				CLANG_WARN_COMMA = YES;
				CLANG_WARN_CONSTANT_CONVERSION = YES;
				CLANG_WARN_DEPRECATED_OBJC_IMPLEMENTATIONS = YES;
				CLANG_WARN_DIRECT_OBJC_ISA_USAGE = YES_ERROR;
				CLANG_WARN_DOCUMENTATION_COMMENTS = YES;
				CLANG_WARN_EMPTY_BODY = YES;
				CLANG_WARN_ENUM_CONVERSION = YES;
				CLANG_WARN_INFINITE_RECURSION = YES;
				CLANG_WARN_INT_CONVERSION = YES;
				CLANG_WARN_NON_LITERAL_NULL_CONVERSION = YES;
				CLANG_WARN_OBJC_IMPLICIT_RETAIN_SELF = YES;
				CLANG_WARN_OBJC_LITERAL_CONVERSION = YES;
				CLANG_WARN_OBJC_ROOT_CLASS = YES_ERROR;
				CLANG_WARN_QUOTED_INCLUDE_IN_FRAMEWORK_HEADER = YES;
				CLANG_WARN_RANGE_LOOP_ANALYSIS = YES;
				CLANG_WARN_STRICT_PROTOTYPES = YES;
				CLANG_WARN_SUSPICIOUS_MOVE = YES;
				CLANG_WARN_UNGUARDED_AVAILABILITY = YES_AGGRESSIVE;
				CLANG_WARN_UNREACHABLE_CODE = YES;
				CLANG_WARN__DUPLICATE_METHOD_MATCH = YES;
				COPY_PHASE_STRIP = NO;
				DEBUG_INFORMATION_FORMAT = dwarf;
				ENABLE_STRICT_OBJC_MSGSEND = YES;
				ENABLE_TESTABILITY = YES;
				GCC_C_LANGUAGE_STANDARD = gnu11;
				GCC_DYNAMIC_NO_PIC = NO;
				GCC_NO_COMMON_BLOCKS = YES;
				GCC_OPTIMIZATION_LEVEL = 0;
				GCC_PREPROCESSOR_DEFINITIONS = (
					"DEBUG=1",
					"$(inherited)",
				);
				GCC_WARN_64_TO_32_BIT_CONVERSION = YES;
				GCC_WARN_ABOUT_RETURN_TYPE = YES_ERROR;
				GCC_WARN_UNDECLARED_SELECTOR = YES;
				GCC_WARN_UNINITIALIZED_AUTOS = YES_AGGRESSIVE;
				GCC_WARN_UNUSED_FUNCTION = YES;
				GCC_WARN_UNUSED_VARIABLE = YES;
				IPHONEOS_DEPLOYMENT_TARGET = 14.1;
				MTL_ENABLE_DEBUG_INFO = INCLUDE_SOURCE;
				MTL_FAST_MATH = YES;
				ONLY_ACTIVE_ARCH = YES;
				SDKROOT = iphoneos;
				SWIFT_ACTIVE_COMPILATION_CONDITIONS = DEBUG;
				SWIFT_OPTIMIZATION_LEVEL = "-Onone";
			};
			name = Debug;
		};
		953B08CD2556D1AC008F9D3E /* Release */ = {
			isa = XCBuildConfiguration;
			buildSettings = {
				ALWAYS_SEARCH_USER_PATHS = NO;
				CLANG_ANALYZER_NONNULL = YES;
				CLANG_ANALYZER_NUMBER_OBJECT_CONVERSION = YES_AGGRESSIVE;
				CLANG_CXX_LANGUAGE_STANDARD = "gnu++14";
				CLANG_CXX_LIBRARY = "libc++";
				CLANG_ENABLE_MODULES = YES;
				CLANG_ENABLE_OBJC_ARC = YES;
				CLANG_ENABLE_OBJC_WEAK = YES;
				CLANG_WARN_BLOCK_CAPTURE_AUTORELEASING = YES;
				CLANG_WARN_BOOL_CONVERSION = YES;
				CLANG_WARN_COMMA = YES;
				CLANG_WARN_CONSTANT_CONVERSION = YES;
				CLANG_WARN_DEPRECATED_OBJC_IMPLEMENTATIONS = YES;
				CLANG_WARN_DIRECT_OBJC_ISA_USAGE = YES_ERROR;
				CLANG_WARN_DOCUMENTATION_COMMENTS = YES;
				CLANG_WARN_EMPTY_BODY = YES;
				CLANG_WARN_ENUM_CONVERSION = YES;
				CLANG_WARN_INFINITE_RECURSION = YES;
				CLANG_WARN_INT_CONVERSION = YES;
				CLANG_WARN_NON_LITERAL_NULL_CONVERSION = YES;
				CLANG_WARN_OBJC_IMPLICIT_RETAIN_SELF = YES;
				CLANG_WARN_OBJC_LITERAL_CONVERSION = YES;
				CLANG_WARN_OBJC_ROOT_CLASS = YES_ERROR;
				CLANG_WARN_QUOTED_INCLUDE_IN_FRAMEWORK_HEADER = YES;
				CLANG_WARN_RANGE_LOOP_ANALYSIS = YES;
				CLANG_WARN_STRICT_PROTOTYPES = YES;
				CLANG_WARN_SUSPICIOUS_MOVE = YES;
				CLANG_WARN_UNGUARDED_AVAILABILITY = YES_AGGRESSIVE;
				CLANG_WARN_UNREACHABLE_CODE = YES;
				CLANG_WARN__DUPLICATE_METHOD_MATCH = YES;
				COPY_PHASE_STRIP = NO;
				DEBUG_INFORMATION_FORMAT = "dwarf-with-dsym";
				ENABLE_NS_ASSERTIONS = NO;
				ENABLE_STRICT_OBJC_MSGSEND = YES;
				GCC_C_LANGUAGE_STANDARD = gnu11;
				GCC_NO_COMMON_BLOCKS = YES;
				GCC_WARN_64_TO_32_BIT_CONVERSION = YES;
				GCC_WARN_ABOUT_RETURN_TYPE = YES_ERROR;
				GCC_WARN_UNDECLARED_SELECTOR = YES;
				GCC_WARN_UNINITIALIZED_AUTOS = YES_AGGRESSIVE;
				GCC_WARN_UNUSED_FUNCTION = YES;
				GCC_WARN_UNUSED_VARIABLE = YES;
				IPHONEOS_DEPLOYMENT_TARGET = 14.1;
				MTL_ENABLE_DEBUG_INFO = NO;
				MTL_FAST_MATH = YES;
				SDKROOT = iphoneos;
				SWIFT_COMPILATION_MODE = wholemodule;
				SWIFT_OPTIMIZATION_LEVEL = "-O";
				VALIDATE_PRODUCT = YES;
			};
			name = Release;
		};
		953B08CF2556D1AC008F9D3E /* Debug */ = {
			isa = XCBuildConfiguration;
			baseConfigurationReference = 366C4F8CFAD8E27CCB2B0B4F /* Pods-MMM.debug.xcconfig */;
			buildSettings = {
				ALWAYS_EMBED_SWIFT_STANDARD_LIBRARIES = YES;
				ASSETCATALOG_COMPILER_APPICON_NAME = AppIcon;
				CODE_SIGN_ENTITLEMENTS = "MMM/Once A Day.entitlements";
				CODE_SIGN_STYLE = Automatic;
				DEVELOPMENT_TEAM = XF72A49733;
				INFOPLIST_FILE = MMM/Info.plist;
				IPHONEOS_DEPLOYMENT_TARGET = 14.3;
				LD_RUNPATH_SEARCH_PATHS = (
					"$(inherited)",
					"@executable_path/Frameworks",
				);
				MARKETING_VERSION = 1.0.1;
				PRODUCT_BUNDLE_IDENTIFIER = com.mm.onestep.tushar;
				PRODUCT_NAME = "Once A Day";
				SWIFT_VERSION = 5.0;
				TARGETED_DEVICE_FAMILY = 1;
			};
			name = Debug;
		};
		953B08D02556D1AC008F9D3E /* Release */ = {
			isa = XCBuildConfiguration;
			baseConfigurationReference = 11545567E27B1BF83F8D3BA9 /* Pods-MMM.release.xcconfig */;
			buildSettings = {
				ALWAYS_EMBED_SWIFT_STANDARD_LIBRARIES = YES;
				ASSETCATALOG_COMPILER_APPICON_NAME = AppIcon;
				CODE_SIGN_ENTITLEMENTS = "MMM/Once A Day.entitlements";
				CODE_SIGN_STYLE = Automatic;
				DEVELOPMENT_TEAM = XF72A49733;
				INFOPLIST_FILE = MMM/Info.plist;
				IPHONEOS_DEPLOYMENT_TARGET = 14.3;
				LD_RUNPATH_SEARCH_PATHS = (
					"$(inherited)",
					"@executable_path/Frameworks",
				);
				MARKETING_VERSION = 1.0.1;
				PRODUCT_BUNDLE_IDENTIFIER = com.mm.onestep.tushar;
				PRODUCT_NAME = "Once A Day";
				SWIFT_VERSION = 5.0;
				TARGETED_DEVICE_FAMILY = 1;
			};
			name = Release;
		};
/* End XCBuildConfiguration section */

/* Begin XCConfigurationList section */
		4BFD4B6525C7C5AC00ED55F7 /* Build configuration list for PBXNativeTarget "OnceADayWidgetExtension" */ = {
			isa = XCConfigurationList;
			buildConfigurations = (
				4BFD4B6325C7C5AC00ED55F7 /* Debug */,
				4BFD4B6425C7C5AC00ED55F7 /* Release */,
			);
			defaultConfigurationIsVisible = 0;
			defaultConfigurationName = Release;
		};
		953B08B22556D1AA008F9D3E /* Build configuration list for PBXProject "MMM" */ = {
			isa = XCConfigurationList;
			buildConfigurations = (
				953B08CC2556D1AC008F9D3E /* Debug */,
				953B08CD2556D1AC008F9D3E /* Release */,
			);
			defaultConfigurationIsVisible = 0;
			defaultConfigurationName = Release;
		};
		953B08CE2556D1AC008F9D3E /* Build configuration list for PBXNativeTarget "MMM" */ = {
			isa = XCConfigurationList;
			buildConfigurations = (
				953B08CF2556D1AC008F9D3E /* Debug */,
				953B08D02556D1AC008F9D3E /* Release */,
			);
			defaultConfigurationIsVisible = 0;
			defaultConfigurationName = Release;
		};
/* End XCConfigurationList section */

/* Begin XCVersionGroup section */
		953B08C32556D1AB008F9D3E /* MMM.xcdatamodeld */ = {
			isa = XCVersionGroup;
			children = (
				953B08C42556D1AB008F9D3E /* MMM.xcdatamodel */,
			);
			currentVersion = 953B08C42556D1AB008F9D3E /* MMM.xcdatamodel */;
			path = MMM.xcdatamodeld;
			sourceTree = "<group>";
			versionGroupType = wrapper.xcdatamodel;
		};
/* End XCVersionGroup section */
	};
	rootObject = 953B08AF2556D1AA008F9D3E /* Project object */;
}
